// !$*UTF8*$!
{
	archiveVersion = 1;
	classes = {
	};
	objectVersion = 55;
	objects = {

/* Begin PBXBuildFile section */
		67E31BB62851A03400A17336 /* styles.swift in Sources */ = {isa = PBXBuildFile; fileRef = 67E31BB52851A03400A17336 /* styles.swift */; };
		67E31BB82851A64800A17336 /* AccountView.swift in Sources */ = {isa = PBXBuildFile; fileRef = 67E31BB72851A64800A17336 /* AccountView.swift */; };
		67F9B5102848589300D0E208 /* swiftui_demoApp.swift in Sources */ = {isa = PBXBuildFile; fileRef = 67F9B50F2848589300D0E208 /* swiftui_demoApp.swift */; };
		67F9B5122848589300D0E208 /* ContentView.swift in Sources */ = {isa = PBXBuildFile; fileRef = 67F9B5112848589300D0E208 /* ContentView.swift */; };
		67F9B5142848589500D0E208 /* Assets.xcassets in Resources */ = {isa = PBXBuildFile; fileRef = 67F9B5132848589500D0E208 /* Assets.xcassets */; };
		67F9B5172848589500D0E208 /* Preview Assets.xcassets in Resources */ = {isa = PBXBuildFile; fileRef = 67F9B5162848589500D0E208 /* Preview Assets.xcassets */; };
		67F9B5212848589500D0E208 /* swiftui_demoTests.swift in Sources */ = {isa = PBXBuildFile; fileRef = 67F9B5202848589500D0E208 /* swiftui_demoTests.swift */; };
		67F9B52B2848589500D0E208 /* swiftui_demoUITests.swift in Sources */ = {isa = PBXBuildFile; fileRef = 67F9B52A2848589500D0E208 /* swiftui_demoUITests.swift */; };
		67F9B52D2848589500D0E208 /* swiftui_demoUITestsLaunchTests.swift in Sources */ = {isa = PBXBuildFile; fileRef = 67F9B52C2848589500D0E208 /* swiftui_demoUITestsLaunchTests.swift */; };
/* End PBXBuildFile section */

/* Begin PBXContainerItemProxy section */
		67F9B51D2848589500D0E208 /* PBXContainerItemProxy */ = {
			isa = PBXContainerItemProxy;
			containerPortal = 67F9B5042848589300D0E208 /* Project object */;
			proxyType = 1;
			remoteGlobalIDString = 67F9B50B2848589300D0E208;
			remoteInfo = "swiftui demo";
		};
		67F9B5272848589500D0E208 /* PBXContainerItemProxy */ = {
			isa = PBXContainerItemProxy;
			containerPortal = 67F9B5042848589300D0E208 /* Project object */;
			proxyType = 1;
			remoteGlobalIDString = 67F9B50B2848589300D0E208;
			remoteInfo = "swiftui demo";
		};
/* End PBXContainerItemProxy section */

/* Begin PBXFileReference section */
		67E31BB52851A03400A17336 /* styles.swift */ = {isa = PBXFileReference; lastKnownFileType = sourcecode.swift; path = styles.swift; sourceTree = "<group>"; };
		67E31BB72851A64800A17336 /* AccountView.swift */ = {isa = PBXFileReference; lastKnownFileType = sourcecode.swift; path = AccountView.swift; sourceTree = "<group>"; };
		67F9B50C2848589300D0E208 /* swiftui demo.app */ = {isa = PBXFileReference; explicitFileType = wrapper.application; includeInIndex = 0; path = "swiftui demo.app"; sourceTree = BUILT_PRODUCTS_DIR; };
		67F9B50F2848589300D0E208 /* swiftui_demoApp.swift */ = {isa = PBXFileReference; lastKnownFileType = sourcecode.swift; path = swiftui_demoApp.swift; sourceTree = "<group>"; };
		67F9B5112848589300D0E208 /* ContentView.swift */ = {isa = PBXFileReference; lastKnownFileType = sourcecode.swift; path = ContentView.swift; sourceTree = "<group>"; };
		67F9B5132848589500D0E208 /* Assets.xcassets */ = {isa = PBXFileReference; lastKnownFileType = folder.assetcatalog; path = Assets.xcassets; sourceTree = "<group>"; };
		67F9B5162848589500D0E208 /* Preview Assets.xcassets */ = {isa = PBXFileReference; lastKnownFileType = folder.assetcatalog; path = "Preview Assets.xcassets"; sourceTree = "<group>"; };
		67F9B51C2848589500D0E208 /* swiftui demoTests.xctest */ = {isa = PBXFileReference; explicitFileType = wrapper.cfbundle; includeInIndex = 0; path = "swiftui demoTests.xctest"; sourceTree = BUILT_PRODUCTS_DIR; };
		67F9B5202848589500D0E208 /* swiftui_demoTests.swift */ = {isa = PBXFileReference; lastKnownFileType = sourcecode.swift; path = swiftui_demoTests.swift; sourceTree = "<group>"; };
		67F9B5262848589500D0E208 /* swiftui demoUITests.xctest */ = {isa = PBXFileReference; explicitFileType = wrapper.cfbundle; includeInIndex = 0; path = "swiftui demoUITests.xctest"; sourceTree = BUILT_PRODUCTS_DIR; };
		67F9B52A2848589500D0E208 /* swiftui_demoUITests.swift */ = {isa = PBXFileReference; lastKnownFileType = sourcecode.swift; path = swiftui_demoUITests.swift; sourceTree = "<group>"; };
		67F9B52C2848589500D0E208 /* swiftui_demoUITestsLaunchTests.swift */ = {isa = PBXFileReference; lastKnownFileType = sourcecode.swift; path = swiftui_demoUITestsLaunchTests.swift; sourceTree = "<group>"; };
/* End PBXFileReference section */

/* Begin PBXFrameworksBuildPhase section */
		67F9B5092848589300D0E208 /* Frameworks */ = {
			isa = PBXFrameworksBuildPhase;
			buildActionMask = 2147483647;
			files = (
			);
			runOnlyForDeploymentPostprocessing = 0;
		};
		67F9B5192848589500D0E208 /* Frameworks */ = {
			isa = PBXFrameworksBuildPhase;
			buildActionMask = 2147483647;
			files = (
			);
			runOnlyForDeploymentPostprocessing = 0;
		};
		67F9B5232848589500D0E208 /* Frameworks */ = {
			isa = PBXFrameworksBuildPhase;
			buildActionMask = 2147483647;
			files = (
			);
			runOnlyForDeploymentPostprocessing = 0;
		};
/* End PBXFrameworksBuildPhase section */

/* Begin PBXGroup section */
		67F9B5032848589300D0E208 = {
			isa = PBXGroup;
			children = (
				67F9B50E2848589300D0E208 /* swiftui demo */,
				67F9B51F2848589500D0E208 /* swiftui demoTests */,
				67F9B5292848589500D0E208 /* swiftui demoUITests */,
				67F9B50D2848589300D0E208 /* Products */,
			);
			sourceTree = "<group>";
		};
		67F9B50D2848589300D0E208 /* Products */ = {
			isa = PBXGroup;
			children = (
				67F9B50C2848589300D0E208 /* swiftui demo.app */,
				67F9B51C2848589500D0E208 /* swiftui demoTests.xctest */,
				67F9B5262848589500D0E208 /* swiftui demoUITests.xctest */,
			);
			name = Products;
			sourceTree = "<group>";
		};
		67F9B50E2848589300D0E208 /* swiftui demo */ = {
			isa = PBXGroup;
			children = (
				67F9B50F2848589300D0E208 /* swiftui_demoApp.swift */,
				67F9B5112848589300D0E208 /* ContentView.swift */,
				67F9B5132848589500D0E208 /* Assets.xcassets */,
				67F9B5152848589500D0E208 /* Preview Content */,
				67E31BB52851A03400A17336 /* styles.swift */,
				67E31BB72851A64800A17336 /* AccountView.swift */,
			);
			path = "swiftui demo";
			sourceTree = "<group>";
		};
		67F9B5152848589500D0E208 /* Preview Content */ = {
			isa = PBXGroup;
			children = (
				67F9B5162848589500D0E208 /* Preview Assets.xcassets */,
			);
			path = "Preview Content";
			sourceTree = "<group>";
		};
		67F9B51F2848589500D0E208 /* swiftui demoTests */ = {
			isa = PBXGroup;
			children = (
				67F9B5202848589500D0E208 /* swiftui_demoTests.swift */,
			);
			path = "swiftui demoTests";
			sourceTree = "<group>";
		};
		67F9B5292848589500D0E208 /* swiftui demoUITests */ = {
			isa = PBXGroup;
			children = (
				67F9B52A2848589500D0E208 /* swiftui_demoUITests.swift */,
				67F9B52C2848589500D0E208 /* swiftui_demoUITestsLaunchTests.swift */,
			);
			path = "swiftui demoUITests";
			sourceTree = "<group>";
		};
/* End PBXGroup section */

/* Begin PBXNativeTarget section */
		67F9B50B2848589300D0E208 /* swiftui demo */ = {
			isa = PBXNativeTarget;
			buildConfigurationList = 67F9B5302848589500D0E208 /* Build configuration list for PBXNativeTarget "swiftui demo" */;
			buildPhases = (
				67F9B5082848589300D0E208 /* Sources */,
				67F9B5092848589300D0E208 /* Frameworks */,
				67F9B50A2848589300D0E208 /* Resources */,
			);
			buildRules = (
			);
			dependencies = (
			);
			name = "swiftui demo";
			productName = "swiftui demo";
			productReference = 67F9B50C2848589300D0E208 /* swiftui demo.app */;
			productType = "com.apple.product-type.application";
		};
		67F9B51B2848589500D0E208 /* swiftui demoTests */ = {
			isa = PBXNativeTarget;
			buildConfigurationList = 67F9B5332848589500D0E208 /* Build configuration list for PBXNativeTarget "swiftui demoTests" */;
			buildPhases = (
				67F9B5182848589500D0E208 /* Sources */,
				67F9B5192848589500D0E208 /* Frameworks */,
				67F9B51A2848589500D0E208 /* Resources */,
			);
			buildRules = (
			);
			dependencies = (
				67F9B51E2848589500D0E208 /* PBXTargetDependency */,
			);
			name = "swiftui demoTests";
			productName = "swiftui demoTests";
			productReference = 67F9B51C2848589500D0E208 /* swiftui demoTests.xctest */;
			productType = "com.apple.product-type.bundle.unit-test";
		};
		67F9B5252848589500D0E208 /* swiftui demoUITests */ = {
			isa = PBXNativeTarget;
			buildConfigurationList = 67F9B5362848589500D0E208 /* Build configuration list for PBXNativeTarget "swiftui demoUITests" */;
			buildPhases = (
				67F9B5222848589500D0E208 /* Sources */,
				67F9B5232848589500D0E208 /* Frameworks */,
				67F9B5242848589500D0E208 /* Resources */,
			);
			buildRules = (
			);
			dependencies = (
				67F9B5282848589500D0E208 /* PBXTargetDependency */,
			);
			name = "swiftui demoUITests";
			productName = "swiftui demoUITests";
			productReference = 67F9B5262848589500D0E208 /* swiftui demoUITests.xctest */;
			productType = "com.apple.product-type.bundle.ui-testing";
		};
/* End PBXNativeTarget section */

/* Begin PBXProject section */
		67F9B5042848589300D0E208 /* Project object */ = {
			isa = PBXProject;
			attributes = {
				BuildIndependentTargetsInParallel = 1;
				LastSwiftUpdateCheck = 1340;
				LastUpgradeCheck = 1340;
				TargetAttributes = {
					67F9B50B2848589300D0E208 = {
						CreatedOnToolsVersion = 13.4;
					};
					67F9B51B2848589500D0E208 = {
						CreatedOnToolsVersion = 13.4;
						TestTargetID = 67F9B50B2848589300D0E208;
					};
					67F9B5252848589500D0E208 = {
						CreatedOnToolsVersion = 13.4;
						TestTargetID = 67F9B50B2848589300D0E208;
					};
				};
			};
			buildConfigurationList = 67F9B5072848589300D0E208 /* Build configuration list for PBXProject "swiftui demo" */;
			compatibilityVersion = "Xcode 13.0";
			developmentRegion = en;
			hasScannedForEncodings = 0;
			knownRegions = (
				en,
				Base,
			);
			mainGroup = 67F9B5032848589300D0E208;
			productRefGroup = 67F9B50D2848589300D0E208 /* Products */;
			projectDirPath = "";
			projectRoot = "";
			targets = (
				67F9B50B2848589300D0E208 /* swiftui demo */,
				67F9B51B2848589500D0E208 /* swiftui demoTests */,
				67F9B5252848589500D0E208 /* swiftui demoUITests */,
			);
		};
/* End PBXProject section */

/* Begin PBXResourcesBuildPhase section */
		67F9B50A2848589300D0E208 /* Resources */ = {
			isa = PBXResourcesBuildPhase;
			buildActionMask = 2147483647;
			files = (
				67F9B5172848589500D0E208 /* Preview Assets.xcassets in Resources */,
				67F9B5142848589500D0E208 /* Assets.xcassets in Resources */,
			);
			runOnlyForDeploymentPostprocessing = 0;
		};
		67F9B51A2848589500D0E208 /* Resources */ = {
			isa = PBXResourcesBuildPhase;
			buildActionMask = 2147483647;
			files = (
			);
			runOnlyForDeploymentPostprocessing = 0;
		};
		67F9B5242848589500D0E208 /* Resources */ = {
			isa = PBXResourcesBuildPhase;
			buildActionMask = 2147483647;
			files = (
			);
			runOnlyForDeploymentPostprocessing = 0;
		};
/* End PBXResourcesBuildPhase section */

/* Begin PBXSourcesBuildPhase section */
		67F9B5082848589300D0E208 /* Sources */ = {
			isa = PBXSourcesBuildPhase;
			buildActionMask = 2147483647;
			files = (
				67E31BB82851A64800A17336 /* AccountView.swift in Sources */,
				67E31BB62851A03400A17336 /* styles.swift in Sources */,
				67F9B5122848589300D0E208 /* ContentView.swift in Sources */,
				67F9B5102848589300D0E208 /* swiftui_demoApp.swift in Sources */,
			);
			runOnlyForDeploymentPostprocessing = 0;
		};
		67F9B5182848589500D0E208 /* Sources */ = {
			isa = PBXSourcesBuildPhase;
			buildActionMask = 2147483647;
			files = (
				67F9B5212848589500D0E208 /* swiftui_demoTests.swift in Sources */,
			);
			runOnlyForDeploymentPostprocessing = 0;
		};
		67F9B5222848589500D0E208 /* Sources */ = {
			isa = PBXSourcesBuildPhase;
			buildActionMask = 2147483647;
			files = (
				67F9B52B2848589500D0E208 /* swiftui_demoUITests.swift in Sources */,
				67F9B52D2848589500D0E208 /* swiftui_demoUITestsLaunchTests.swift in Sources */,
			);
			runOnlyForDeploymentPostprocessing = 0;
		};
/* End PBXSourcesBuildPhase section */

/* Begin PBXTargetDependency section */
		67F9B51E2848589500D0E208 /* PBXTargetDependency */ = {
			isa = PBXTargetDependency;
			target = 67F9B50B2848589300D0E208 /* swiftui demo */;
			targetProxy = 67F9B51D2848589500D0E208 /* PBXContainerItemProxy */;
		};
		67F9B5282848589500D0E208 /* PBXTargetDependency */ = {
			isa = PBXTargetDependency;
			target = 67F9B50B2848589300D0E208 /* swiftui demo */;
			targetProxy = 67F9B5272848589500D0E208 /* PBXContainerItemProxy */;
		};
/* End PBXTargetDependency section */

/* Begin XCBuildConfiguration section */
		67F9B52E2848589500D0E208 /* Debug */ = {
			isa = XCBuildConfiguration;
			buildSettings = {
				ALWAYS_SEARCH_USER_PATHS = NO;
				CLANG_ANALYZER_NONNULL = YES;
				CLANG_ANALYZER_NUMBER_OBJECT_CONVERSION = YES_AGGRESSIVE;
				CLANG_CXX_LANGUAGE_STANDARD = "gnu++17";
				CLANG_ENABLE_MODULES = YES;
				CLANG_ENABLE_OBJC_ARC = YES;
				CLANG_ENABLE_OBJC_WEAK = YES;
				CLANG_WARN_BLOCK_CAPTURE_AUTORELEASING = YES;
				CLANG_WARN_BOOL_CONVERSION = YES;
				CLANG_WARN_COMMA = YES;
				CLANG_WARN_CONSTANT_CONVERSION = YES;
				CLANG_WARN_DEPRECATED_OBJC_IMPLEMENTATIONS = YES;
				CLANG_WARN_DIRECT_OBJC_ISA_USAGE = YES_ERROR;
				CLANG_WARN_DOCUMENTATION_COMMENTS = YES;
				CLANG_WARN_EMPTY_BODY = YES;
				CLANG_WARN_ENUM_CONVERSION = YES;
				CLANG_WARN_INFINITE_RECURSION = YES;
				CLANG_WARN_INT_CONVERSION = YES;
				CLANG_WARN_NON_LITERAL_NULL_CONVERSION = YES;
				CLANG_WARN_OBJC_IMPLICIT_RETAIN_SELF = YES;
				CLANG_WARN_OBJC_LITERAL_CONVERSION = YES;
				CLANG_WARN_OBJC_ROOT_CLASS = YES_ERROR;
				CLANG_WARN_QUOTED_INCLUDE_IN_FRAMEWORK_HEADER = YES;
				CLANG_WARN_RANGE_LOOP_ANALYSIS = YES;
				CLANG_WARN_STRICT_PROTOTYPES = YES;
				CLANG_WARN_SUSPICIOUS_MOVE = YES;
				CLANG_WARN_UNGUARDED_AVAILABILITY = YES_AGGRESSIVE;
				CLANG_WARN_UNREACHABLE_CODE = YES;
				CLANG_WARN__DUPLICATE_METHOD_MATCH = YES;
				COPY_PHASE_STRIP = NO;
				DEBUG_INFORMATION_FORMAT = dwarf;
				ENABLE_STRICT_OBJC_MSGSEND = YES;
				ENABLE_TESTABILITY = YES;
				GCC_C_LANGUAGE_STANDARD = gnu11;
				GCC_DYNAMIC_NO_PIC = NO;
				GCC_NO_COMMON_BLOCKS = YES;
				GCC_OPTIMIZATION_LEVEL = 0;
				GCC_PREPROCESSOR_DEFINITIONS = (
					"DEBUG=1",
					"$(inherited)",
				);
				GCC_WARN_64_TO_32_BIT_CONVERSION = YES;
				GCC_WARN_ABOUT_RETURN_TYPE = YES_ERROR;
				GCC_WARN_UNDECLARED_SELECTOR = YES;
				GCC_WARN_UNINITIALIZED_AUTOS = YES_AGGRESSIVE;
				GCC_WARN_UNUSED_FUNCTION = YES;
				GCC_WARN_UNUSED_VARIABLE = YES;
				IPHONEOS_DEPLOYMENT_TARGET = 15.5;
				MTL_ENABLE_DEBUG_INFO = INCLUDE_SOURCE;
				MTL_FAST_MATH = YES;
				ONLY_ACTIVE_ARCH = YES;
				SDKROOT = iphoneos;
				SWIFT_ACTIVE_COMPILATION_CONDITIONS = DEBUG;
				SWIFT_OPTIMIZATION_LEVEL = "-Onone";
			};
			name = Debug;
		};
		67F9B52F2848589500D0E208 /* Release */ = {
			isa = XCBuildConfiguration;
			buildSettings = {
				ALWAYS_SEARCH_USER_PATHS = NO;
				CLANG_ANALYZER_NONNULL = YES;
				CLANG_ANALYZER_NUMBER_OBJECT_CONVERSION = YES_AGGRESSIVE;
				CLANG_CXX_LANGUAGE_STANDARD = "gnu++17";
				CLANG_ENABLE_MODULES = YES;
				CLANG_ENABLE_OBJC_ARC = YES;
				CLANG_ENABLE_OBJC_WEAK = YES;
				CLANG_WARN_BLOCK_CAPTURE_AUTORELEASING = YES;
				CLANG_WARN_BOOL_CONVERSION = YES;
				CLANG_WARN_COMMA = YES;
				CLANG_WARN_CONSTANT_CONVERSION = YES;
				CLANG_WARN_DEPRECATED_OBJC_IMPLEMENTATIONS = YES;
				CLANG_WARN_DIRECT_OBJC_ISA_USAGE = YES_ERROR;
				CLANG_WARN_DOCUMENTATION_COMMENTS = YES;
				CLANG_WARN_EMPTY_BODY = YES;
				CLANG_WARN_ENUM_CONVERSION = YES;
				CLANG_WARN_INFINITE_RECURSION = YES;
				CLANG_WARN_INT_CONVERSION = YES;
				CLANG_WARN_NON_LITERAL_NULL_CONVERSION = YES;
				CLANG_WARN_OBJC_IMPLICIT_RETAIN_SELF = YES;
				CLANG_WARN_OBJC_LITERAL_CONVERSION = YES;
				CLANG_WARN_OBJC_ROOT_CLASS = YES_ERROR;
				CLANG_WARN_QUOTED_INCLUDE_IN_FRAMEWORK_HEADER = YES;
				CLANG_WARN_RANGE_LOOP_ANALYSIS = YES;
				CLANG_WARN_STRICT_PROTOTYPES = YES;
				CLANG_WARN_SUSPICIOUS_MOVE = YES;
				CLANG_WARN_UNGUARDED_AVAILABILITY = YES_AGGRESSIVE;
				CLANG_WARN_UNREACHABLE_CODE = YES;
				CLANG_WARN__DUPLICATE_METHOD_MATCH = YES;
				COPY_PHASE_STRIP = NO;
				DEBUG_INFORMATION_FORMAT = "dwarf-with-dsym";
				ENABLE_NS_ASSERTIONS = NO;
				ENABLE_STRICT_OBJC_MSGSEND = YES;
				GCC_C_LANGUAGE_STANDARD = gnu11;
				GCC_NO_COMMON_BLOCKS = YES;
				GCC_WARN_64_TO_32_BIT_CONVERSION = YES;
				GCC_WARN_ABOUT_RETURN_TYPE = YES_ERROR;
				GCC_WARN_UNDECLARED_SELECTOR = YES;
				GCC_WARN_UNINITIALIZED_AUTOS = YES_AGGRESSIVE;
				GCC_WARN_UNUSED_FUNCTION = YES;
				GCC_WARN_UNUSED_VARIABLE = YES;
				IPHONEOS_DEPLOYMENT_TARGET = 15.5;
				MTL_ENABLE_DEBUG_INFO = NO;
				MTL_FAST_MATH = YES;
				SDKROOT = iphoneos;
				SWIFT_COMPILATION_MODE = wholemodule;
				SWIFT_OPTIMIZATION_LEVEL = "-O";
				VALIDATE_PRODUCT = YES;
			};
			name = Release;
		};
		67F9B5312848589500D0E208 /* Debug */ = {
			isa = XCBuildConfiguration;
			buildSettings = {
				ASSETCATALOG_COMPILER_APPICON_NAME = AppIcon;
				ASSETCATALOG_COMPILER_GLOBAL_ACCENT_COLOR_NAME = AccentColor;
				CODE_SIGN_STYLE = Automatic;
				CURRENT_PROJECT_VERSION = 1;
				DEVELOPMENT_ASSET_PATHS = "\"swiftui demo/Preview Content\"";
				DEVELOPMENT_TEAM = GG3V29QX8K;
				ENABLE_PREVIEWS = YES;
				GENERATE_INFOPLIST_FILE = YES;
				INFOPLIST_KEY_UIApplicationSceneManifest_Generation = YES;
				INFOPLIST_KEY_UIApplicationSupportsIndirectInputEvents = YES;
				INFOPLIST_KEY_UILaunchScreen_Generation = YES;
				INFOPLIST_KEY_UISupportedInterfaceOrientations_iPad = "UIInterfaceOrientationPortrait UIInterfaceOrientationPortraitUpsideDown UIInterfaceOrientationLandscapeLeft UIInterfaceOrientationLandscapeRight";
				INFOPLIST_KEY_UISupportedInterfaceOrientations_iPhone = "UIInterfaceOrientationPortrait UIInterfaceOrientationLandscapeLeft UIInterfaceOrientationLandscapeRight";
				LD_RUNPATH_SEARCH_PATHS = (
					"$(inherited)",
					"@executable_path/Frameworks",
				);
				MARKETING_VERSION = 1.0;
				PRODUCT_BUNDLE_IDENTIFIER = "shop.itbug.swift-demo.swiftui-demo";
				PRODUCT_NAME = "$(TARGET_NAME)";
				SWIFT_EMIT_LOC_STRINGS = YES;
				SWIFT_VERSION = 5.0;
				TARGETED_DEVICE_FAMILY = "1,2";
			};
			name = Debug;
		};
		67F9B5322848589500D0E208 /* Release */ = {
			isa = XCBuildConfiguration;
			buildSettings = {
				ASSETCATALOG_COMPILER_APPICON_NAME = AppIcon;
				ASSETCATALOG_COMPILER_GLOBAL_ACCENT_COLOR_NAME = AccentColor;
				CODE_SIGN_STYLE = Automatic;
				CURRENT_PROJECT_VERSION = 1;
				DEVELOPMENT_ASSET_PATHS = "\"swiftui demo/Preview Content\"";
				DEVELOPMENT_TEAM = GG3V29QX8K;
				ENABLE_PREVIEWS = YES;
				GENERATE_INFOPLIST_FILE = YES;
				INFOPLIST_KEY_UIApplicationSceneManifest_Generation = YES;
				INFOPLIST_KEY_UIApplicationSupportsIndirectInputEvents = YES;
				INFOPLIST_KEY_UILaunchScreen_Generation = YES;
				INFOPLIST_KEY_UISupportedInterfaceOrientations_iPad = "UIInterfaceOrientationPortrait UIInterfaceOrientationPortraitUpsideDown UIInterfaceOrientationLandscapeLeft UIInterfaceOrientationLandscapeRight";
				INFOPLIST_KEY_UISupportedInterfaceOrientations_iPhone = "UIInterfaceOrientationPortrait UIInterfaceOrientationLandscapeLeft UIInterfaceOrientationLandscapeRight";
				LD_RUNPATH_SEARCH_PATHS = (
					"$(inherited)",
					"@executable_path/Frameworks",
				);
				MARKETING_VERSION = 1.0;
				PRODUCT_BUNDLE_IDENTIFIER = "shop.itbug.swift-demo.swiftui-demo";
				PRODUCT_NAME = "$(TARGET_NAME)";
				SWIFT_EMIT_LOC_STRINGS = YES;
				SWIFT_VERSION = 5.0;
				TARGETED_DEVICE_FAMILY = "1,2";
			};
			name = Release;
		};
		67F9B5342848589500D0E208 /* Debug */ = {
			isa = XCBuildConfiguration;
			buildSettings = {
				ALWAYS_EMBED_SWIFT_STANDARD_LIBRARIES = YES;
				BUNDLE_LOADER = "$(TEST_HOST)";
				CODE_SIGN_STYLE = Automatic;
				CURRENT_PROJECT_VERSION = 1;
				DEVELOPMENT_TEAM = GG3V29QX8K;
				GENERATE_INFOPLIST_FILE = YES;
				IPHONEOS_DEPLOYMENT_TARGET = 15.5;
				MARKETING_VERSION = 1.0;
				PRODUCT_BUNDLE_IDENTIFIER = "shop.itbug.swift-demo.swiftui-demoTests";
				PRODUCT_NAME = "$(TARGET_NAME)";
				SWIFT_EMIT_LOC_STRINGS = NO;
				SWIFT_VERSION = 5.0;
				TARGETED_DEVICE_FAMILY = "1,2";
				TEST_HOST = "$(BUILT_PRODUCTS_DIR)/swiftui demo.app/swiftui demo";
			};
			name = Debug;
		};
		67F9B5352848589500D0E208 /* Release */ = {
			isa = XCBuildConfiguration;
			buildSettings = {
				ALWAYS_EMBED_SWIFT_STANDARD_LIBRARIES = YES;
				BUNDLE_LOADER = "$(TEST_HOST)";
				CODE_SIGN_STYLE = Automatic;
				CURRENT_PROJECT_VERSION = 1;
				DEVELOPMENT_TEAM = GG3V29QX8K;
				GENERATE_INFOPLIST_FILE = YES;
				IPHONEOS_DEPLOYMENT_TARGET = 15.5;
				MARKETING_VERSION = 1.0;
				PRODUCT_BUNDLE_IDENTIFIER = "shop.itbug.swift-demo.swiftui-demoTests";
				PRODUCT_NAME = "$(TARGET_NAME)";
				SWIFT_EMIT_LOC_STRINGS = NO;
				SWIFT_VERSION = 5.0;
				TARGETED_DEVICE_FAMILY = "1,2";
				TEST_HOST = "$(BUILT_PRODUCTS_DIR)/swiftui demo.app/swiftui demo";
			};
			name = Release;
		};
		67F9B5372848589500D0E208 /* Debug */ = {
			isa = XCBuildConfiguration;
			buildSettings = {
				ALWAYS_EMBED_SWIFT_STANDARD_LIBRARIES = YES;
				CODE_SIGN_STYLE = Automatic;
				CURRENT_PROJECT_VERSION = 1;
				DEVELOPMENT_TEAM = GG3V29QX8K;
				GENERATE_INFOPLIST_FILE = YES;
				MARKETING_VERSION = 1.0;
				PRODUCT_BUNDLE_IDENTIFIER = "shop.itbug.swift-demo.swiftui-demoUITests";
				PRODUCT_NAME = "$(TARGET_NAME)";
				SWIFT_EMIT_LOC_STRINGS = NO;
				SWIFT_VERSION = 5.0;
				TARGETED_DEVICE_FAMILY = "1,2";
				TEST_TARGET_NAME = "swiftui demo";
			};
			name = Debug;
		};
		67F9B5382848589500D0E208 /* Release */ = {
			isa = XCBuildConfiguration;
			buildSettings = {
				ALWAYS_EMBED_SWIFT_STANDARD_LIBRARIES = YES;
				CODE_SIGN_STYLE = Automatic;
				CURRENT_PROJECT_VERSION = 1;
				DEVELOPMENT_TEAM = GG3V29QX8K;
				GENERATE_INFOPLIST_FILE = YES;
				MARKETING_VERSION = 1.0;
				PRODUCT_BUNDLE_IDENTIFIER = "shop.itbug.swift-demo.swiftui-demoUITests";
				PRODUCT_NAME = "$(TARGET_NAME)";
				SWIFT_EMIT_LOC_STRINGS = NO;
				SWIFT_VERSION = 5.0;
				TARGETED_DEVICE_FAMILY = "1,2";
				TEST_TARGET_NAME = "swiftui demo";
			};
			name = Release;
		};
/* End XCBuildConfiguration section */

/* Begin XCConfigurationList section */
		67F9B5072848589300D0E208 /* Build configuration list for PBXProject "swiftui demo" */ = {
			isa = XCConfigurationList;
			buildConfigurations = (
				67F9B52E2848589500D0E208 /* Debug */,
				67F9B52F2848589500D0E208 /* Release */,
			);
			defaultConfigurationIsVisible = 0;
			defaultConfigurationName = Release;
		};
		67F9B5302848589500D0E208 /* Build configuration list for PBXNativeTarget "swiftui demo" */ = {
			isa = XCConfigurationList;
			buildConfigurations = (
				67F9B5312848589500D0E208 /* Debug */,
				67F9B5322848589500D0E208 /* Release */,
			);
			defaultConfigurationIsVisible = 0;
			defaultConfigurationName = Release;
		};
		67F9B5332848589500D0E208 /* Build configuration list for PBXNativeTarget "swiftui demoTests" */ = {
			isa = XCConfigurationList;
			buildConfigurations = (
				67F9B5342848589500D0E208 /* Debug */,
				67F9B5352848589500D0E208 /* Release */,
			);
			defaultConfigurationIsVisible = 0;
			defaultConfigurationName = Release;
		};
		67F9B5362848589500D0E208 /* Build configuration list for PBXNativeTarget "swiftui demoUITests" */ = {
			isa = XCConfigurationList;
			buildConfigurations = (
				67F9B5372848589500D0E208 /* Debug */,
				67F9B5382848589500D0E208 /* Release */,
			);
			defaultConfigurationIsVisible = 0;
			defaultConfigurationName = Release;
		};
/* End XCConfigurationList section */
	};
	rootObject = 67F9B5042848589300D0E208 /* Project object */;
}
