// !$*UTF8*$!
{
	archiveVersion = 1;
	classes = {
	};
	objectVersion = 55;
	objects = {

/* Begin PBXBuildFile section */
		671AC3FA27BD2F2300A035F8 /* AppDelegate.swift in Sources */ = {isa = PBXBuildFile; fileRef = 671AC3F927BD2F2300A035F8 /* AppDelegate.swift */; };
		671AC3FC27BD2F2300A035F8 /* SceneDelegate.swift in Sources */ = {isa = PBXBuildFile; fileRef = 671AC3FB27BD2F2300A035F8 /* SceneDelegate.swift */; };
		671AC3FE27BD2F2300A035F8 /* ViewController.swift in Sources */ = {isa = PBXBuildFile; fileRef = 671AC3FD27BD2F2300A035F8 /* ViewController.swift */; };
		671AC40127BD2F2300A035F8 /* Main.storyboard in Resources */ = {isa = PBXBuildFile; fileRef = 671AC3FF27BD2F2300A035F8 /* Main.storyboard */; };
		671AC40327BD2F2400A035F8 /* Assets.xcassets in Resources */ = {isa = PBXBuildFile; fileRef = 671AC40227BD2F2400A035F8 /* Assets.xcassets */; };
		671AC40627BD2F2400A035F8 /* LaunchScreen.storyboard in Resources */ = {isa = PBXBuildFile; fileRef = 671AC40427BD2F2400A035F8 /* LaunchScreen.storyboard */; };
		671AC41127BD2F2400A035F8 /* book_demo1Tests.swift in Sources */ = {isa = PBXBuildFile; fileRef = 671AC41027BD2F2400A035F8 /* book_demo1Tests.swift */; };
		671AC41B27BD2F2400A035F8 /* book_demo1UITests.swift in Sources */ = {isa = PBXBuildFile; fileRef = 671AC41A27BD2F2400A035F8 /* book_demo1UITests.swift */; };
		671AC41D27BD2F2400A035F8 /* book_demo1UITestsLaunchTests.swift in Sources */ = {isa = PBXBuildFile; fileRef = 671AC41C27BD2F2400A035F8 /* book_demo1UITestsLaunchTests.swift */; };
/* End PBXBuildFile section */

/* Begin PBXContainerItemProxy section */
		671AC40D27BD2F2400A035F8 /* PBXContainerItemProxy */ = {
			isa = PBXContainerItemProxy;
			containerPortal = 671AC3EE27BD2F2300A035F8 /* Project object */;
			proxyType = 1;
			remoteGlobalIDString = 671AC3F527BD2F2300A035F8;
			remoteInfo = book_demo1;
		};
		671AC41727BD2F2400A035F8 /* PBXContainerItemProxy */ = {
			isa = PBXContainerItemProxy;
			containerPortal = 671AC3EE27BD2F2300A035F8 /* Project object */;
			proxyType = 1;
			remoteGlobalIDString = 671AC3F527BD2F2300A035F8;
			remoteInfo = book_demo1;
		};
/* End PBXContainerItemProxy section */

/* Begin PBXFileReference section */
		671AC3F627BD2F2300A035F8 /* book_demo1.app */ = {isa = PBXFileReference; explicitFileType = wrapper.application; includeInIndex = 0; path = book_demo1.app; sourceTree = BUILT_PRODUCTS_DIR; };
		671AC3F927BD2F2300A035F8 /* AppDelegate.swift */ = {isa = PBXFileReference; lastKnownFileType = sourcecode.swift; path = AppDelegate.swift; sourceTree = "<group>"; };
		671AC3FB27BD2F2300A035F8 /* SceneDelegate.swift */ = {isa = PBXFileReference; lastKnownFileType = sourcecode.swift; path = SceneDelegate.swift; sourceTree = "<group>"; };
		671AC3FD27BD2F2300A035F8 /* ViewController.swift */ = {isa = PBXFileReference; lastKnownFileType = sourcecode.swift; path = ViewController.swift; sourceTree = "<group>"; };
		671AC40027BD2F2300A035F8 /* Base */ = {isa = PBXFileReference; lastKnownFileType = file.storyboard; name = Base; path = Base.lproj/Main.storyboard; sourceTree = "<group>"; };
		671AC40227BD2F2400A035F8 /* Assets.xcassets */ = {isa = PBXFileReference; lastKnownFileType = folder.assetcatalog; path = Assets.xcassets; sourceTree = "<group>"; };
		671AC40527BD2F2400A035F8 /* Base */ = {isa = PBXFileReference; lastKnownFileType = file.storyboard; name = Base; path = Base.lproj/LaunchScreen.storyboard; sourceTree = "<group>"; };
		671AC40727BD2F2400A035F8 /* Info.plist */ = {isa = PBXFileReference; lastKnownFileType = text.plist.xml; path = Info.plist; sourceTree = "<group>"; };
		671AC40C27BD2F2400A035F8 /* book_demo1Tests.xctest */ = {isa = PBXFileReference; explicitFileType = wrapper.cfbundle; includeInIndex = 0; path = book_demo1Tests.xctest; sourceTree = BUILT_PRODUCTS_DIR; };
		671AC41027BD2F2400A035F8 /* book_demo1Tests.swift */ = {isa = PBXFileReference; lastKnownFileType = sourcecode.swift; path = book_demo1Tests.swift; sourceTree = "<group>"; };
		671AC41627BD2F2400A035F8 /* book_demo1UITests.xctest */ = {isa = PBXFileReference; explicitFileType = wrapper.cfbundle; includeInIndex = 0; path = book_demo1UITests.xctest; sourceTree = BUILT_PRODUCTS_DIR; };
		671AC41A27BD2F2400A035F8 /* book_demo1UITests.swift */ = {isa = PBXFileReference; lastKnownFileType = sourcecode.swift; path = book_demo1UITests.swift; sourceTree = "<group>"; };
		671AC41C27BD2F2400A035F8 /* book_demo1UITestsLaunchTests.swift */ = {isa = PBXFileReference; lastKnownFileType = sourcecode.swift; path = book_demo1UITestsLaunchTests.swift; sourceTree = "<group>"; };
/* End PBXFileReference section */

/* Begin PBXFrameworksBuildPhase section */
		671AC3F327BD2F2300A035F8 /* Frameworks */ = {
			isa = PBXFrameworksBuildPhase;
			buildActionMask = 2147483647;
			files = (
			);
			runOnlyForDeploymentPostprocessing = 0;
		};
		671AC40927BD2F2400A035F8 /* Frameworks */ = {
			isa = PBXFrameworksBuildPhase;
			buildActionMask = 2147483647;
			files = (
			);
			runOnlyForDeploymentPostprocessing = 0;
		};
		671AC41327BD2F2400A035F8 /* Frameworks */ = {
			isa = PBXFrameworksBuildPhase;
			buildActionMask = 2147483647;
			files = (
			);
			runOnlyForDeploymentPostprocessing = 0;
		};
/* End PBXFrameworksBuildPhase section */

/* Begin PBXGroup section */
		671AC3ED27BD2F2300A035F8 = {
			isa = PBXGroup;
			children = (
				671AC3F827BD2F2300A035F8 /* book_demo1 */,
				671AC40F27BD2F2400A035F8 /* book_demo1Tests */,
				671AC41927BD2F2400A035F8 /* book_demo1UITests */,
				671AC3F727BD2F2300A035F8 /* Products */,
			);
			sourceTree = "<group>";
		};
		671AC3F727BD2F2300A035F8 /* Products */ = {
			isa = PBXGroup;
			children = (
				671AC3F627BD2F2300A035F8 /* book_demo1.app */,
				671AC40C27BD2F2400A035F8 /* book_demo1Tests.xctest */,
				671AC41627BD2F2400A035F8 /* book_demo1UITests.xctest */,
			);
			name = Products;
			sourceTree = "<group>";
		};
		671AC3F827BD2F2300A035F8 /* book_demo1 */ = {
			isa = PBXGroup;
			children = (
				671AC3F927BD2F2300A035F8 /* AppDelegate.swift */,
				671AC3FB27BD2F2300A035F8 /* SceneDelegate.swift */,
				671AC3FD27BD2F2300A035F8 /* ViewController.swift */,
				671AC3FF27BD2F2300A035F8 /* Main.storyboard */,
				671AC40227BD2F2400A035F8 /* Assets.xcassets */,
				671AC40427BD2F2400A035F8 /* LaunchScreen.storyboard */,
				671AC40727BD2F2400A035F8 /* Info.plist */,
			);
			path = book_demo1;
			sourceTree = "<group>";
		};
		671AC40F27BD2F2400A035F8 /* book_demo1Tests */ = {
			isa = PBXGroup;
			children = (
				671AC41027BD2F2400A035F8 /* book_demo1Tests.swift */,
			);
			path = book_demo1Tests;
			sourceTree = "<group>";
		};
		671AC41927BD2F2400A035F8 /* book_demo1UITests */ = {
			isa = PBXGroup;
			children = (
				671AC41A27BD2F2400A035F8 /* book_demo1UITests.swift */,
				671AC41C27BD2F2400A035F8 /* book_demo1UITestsLaunchTests.swift */,
			);
			path = book_demo1UITests;
			sourceTree = "<group>";
		};
/* End PBXGroup section */

/* Begin PBXNativeTarget section */
		671AC3F527BD2F2300A035F8 /* book_demo1 */ = {
			isa = PBXNativeTarget;
			buildConfigurationList = 671AC42027BD2F2400A035F8 /* Build configuration list for PBXNativeTarget "book_demo1" */;
			buildPhases = (
				671AC3F227BD2F2300A035F8 /* Sources */,
				671AC3F327BD2F2300A035F8 /* Frameworks */,
				671AC3F427BD2F2300A035F8 /* Resources */,
			);
			buildRules = (
			);
			dependencies = (
			);
			name = book_demo1;
			productName = book_demo1;
			productReference = 671AC3F627BD2F2300A035F8 /* book_demo1.app */;
			productType = "com.apple.product-type.application";
		};
		671AC40B27BD2F2400A035F8 /* book_demo1Tests */ = {
			isa = PBXNativeTarget;
			buildConfigurationList = 671AC42327BD2F2400A035F8 /* Build configuration list for PBXNativeTarget "book_demo1Tests" */;
			buildPhases = (
				671AC40827BD2F2400A035F8 /* Sources */,
				671AC40927BD2F2400A035F8 /* Frameworks */,
				671AC40A27BD2F2400A035F8 /* Resources */,
			);
			buildRules = (
			);
			dependencies = (
				671AC40E27BD2F2400A035F8 /* PBXTargetDependency */,
			);
			name = book_demo1Tests;
			productName = book_demo1Tests;
			productReference = 671AC40C27BD2F2400A035F8 /* book_demo1Tests.xctest */;
			productType = "com.apple.product-type.bundle.unit-test";
		};
		671AC41527BD2F2400A035F8 /* book_demo1UITests */ = {
			isa = PBXNativeTarget;
			buildConfigurationList = 671AC42627BD2F2400A035F8 /* Build configuration list for PBXNativeTarget "book_demo1UITests" */;
			buildPhases = (
				671AC41227BD2F2400A035F8 /* Sources */,
				671AC41327BD2F2400A035F8 /* Frameworks */,
				671AC41427BD2F2400A035F8 /* Resources */,
			);
			buildRules = (
			);
			dependencies = (
				671AC41827BD2F2400A035F8 /* PBXTargetDependency */,
			);
			name = book_demo1UITests;
			productName = book_demo1UITests;
			productReference = 671AC41627BD2F2400A035F8 /* book_demo1UITests.xctest */;
			productType = "com.apple.product-type.bundle.ui-testing";
		};
/* End PBXNativeTarget section */

/* Begin PBXProject section */
		671AC3EE27BD2F2300A035F8 /* Project object */ = {
			isa = PBXProject;
			attributes = {
				BuildIndependentTargetsInParallel = 1;
				LastSwiftUpdateCheck = 1320;
				LastUpgradeCheck = 1320;
				TargetAttributes = {
					671AC3F527BD2F2300A035F8 = {
						CreatedOnToolsVersion = 13.2.1;
					};
					671AC40B27BD2F2400A035F8 = {
						CreatedOnToolsVersion = 13.2.1;
						TestTargetID = 671AC3F527BD2F2300A035F8;
					};
					671AC41527BD2F2400A035F8 = {
						CreatedOnToolsVersion = 13.2.1;
						TestTargetID = 671AC3F527BD2F2300A035F8;
					};
				};
			};
			buildConfigurationList = 671AC3F127BD2F2300A035F8 /* Build configuration list for PBXProject "book_demo1" */;
			compatibilityVersion = "Xcode 13.0";
			developmentRegion = en;
			hasScannedForEncodings = 0;
			knownRegions = (
				en,
				Base,
			);
			mainGroup = 671AC3ED27BD2F2300A035F8;
			productRefGroup = 671AC3F727BD2F2300A035F8 /* Products */;
			projectDirPath = "";
			projectRoot = "";
			targets = (
				671AC3F527BD2F2300A035F8 /* book_demo1 */,
				671AC40B27BD2F2400A035F8 /* book_demo1Tests */,
				671AC41527BD2F2400A035F8 /* book_demo1UITests */,
			);
		};
/* End PBXProject section */

/* Begin PBXResourcesBuildPhase section */
		671AC3F427BD2F2300A035F8 /* Resources */ = {
			isa = PBXResourcesBuildPhase;
			buildActionMask = 2147483647;
			files = (
				671AC40627BD2F2400A035F8 /* LaunchScreen.storyboard in Resources */,
				671AC40327BD2F2400A035F8 /* Assets.xcassets in Resources */,
				671AC40127BD2F2300A035F8 /* Main.storyboard in Resources */,
			);
			runOnlyForDeploymentPostprocessing = 0;
		};
		671AC40A27BD2F2400A035F8 /* Resources */ = {
			isa = PBXResourcesBuildPhase;
			buildActionMask = 2147483647;
			files = (
			);
			runOnlyForDeploymentPostprocessing = 0;
		};
		671AC41427BD2F2400A035F8 /* Resources */ = {
			isa = PBXResourcesBuildPhase;
			buildActionMask = 2147483647;
			files = (
			);
			runOnlyForDeploymentPostprocessing = 0;
		};
/* End PBXResourcesBuildPhase section */

/* Begin PBXSourcesBuildPhase section */
		671AC3F227BD2F2300A035F8 /* Sources */ = {
			isa = PBXSourcesBuildPhase;
			buildActionMask = 2147483647;
			files = (
				671AC3FE27BD2F2300A035F8 /* ViewController.swift in Sources */,
				671AC3FA27BD2F2300A035F8 /* AppDelegate.swift in Sources */,
				671AC3FC27BD2F2300A035F8 /* SceneDelegate.swift in Sources */,
			);
			runOnlyForDeploymentPostprocessing = 0;
		};
		671AC40827BD2F2400A035F8 /* Sources */ = {
			isa = PBXSourcesBuildPhase;
			buildActionMask = 2147483647;
			files = (
				671AC41127BD2F2400A035F8 /* book_demo1Tests.swift in Sources */,
			);
			runOnlyForDeploymentPostprocessing = 0;
		};
		671AC41227BD2F2400A035F8 /* Sources */ = {
			isa = PBXSourcesBuildPhase;
			buildActionMask = 2147483647;
			files = (
				671AC41D27BD2F2400A035F8 /* book_demo1UITestsLaunchTests.swift in Sources */,
				671AC41B27BD2F2400A035F8 /* book_demo1UITests.swift in Sources */,
			);
			runOnlyForDeploymentPostprocessing = 0;
		};
/* End PBXSourcesBuildPhase section */

/* Begin PBXTargetDependency section */
		671AC40E27BD2F2400A035F8 /* PBXTargetDependency */ = {
			isa = PBXTargetDependency;
			target = 671AC3F527BD2F2300A035F8 /* book_demo1 */;
			targetProxy = 671AC40D27BD2F2400A035F8 /* PBXContainerItemProxy */;
		};
		671AC41827BD2F2400A035F8 /* PBXTargetDependency */ = {
			isa = PBXTargetDependency;
			target = 671AC3F527BD2F2300A035F8 /* book_demo1 */;
			targetProxy = 671AC41727BD2F2400A035F8 /* PBXContainerItemProxy */;
		};
/* End PBXTargetDependency section */

/* Begin PBXVariantGroup section */
		671AC3FF27BD2F2300A035F8 /* Main.storyboard */ = {
			isa = PBXVariantGroup;
			children = (
				671AC40027BD2F2300A035F8 /* Base */,
			);
			name = Main.storyboard;
			sourceTree = "<group>";
		};
		671AC40427BD2F2400A035F8 /* LaunchScreen.storyboard */ = {
			isa = PBXVariantGroup;
			children = (
				671AC40527BD2F2400A035F8 /* Base */,
			);
			name = LaunchScreen.storyboard;
			sourceTree = "<group>";
		};
/* End PBXVariantGroup section */

/* Begin XCBuildConfiguration section */
		671AC41E27BD2F2400A035F8 /* Debug */ = {
			isa = XCBuildConfiguration;
			buildSettings = {
				ALWAYS_SEARCH_USER_PATHS = NO;
				CLANG_ANALYZER_NONNULL = YES;
				CLANG_ANALYZER_NUMBER_OBJECT_CONVERSION = YES_AGGRESSIVE;
				CLANG_CXX_LANGUAGE_STANDARD = "gnu++17";
				CLANG_CXX_LIBRARY = "libc++";
				CLANG_ENABLE_MODULES = YES;
				CLANG_ENABLE_OBJC_ARC = YES;
				CLANG_ENABLE_OBJC_WEAK = YES;
				CLANG_WARN_BLOCK_CAPTURE_AUTORELEASING = YES;
				CLANG_WARN_BOOL_CONVERSION = YES;
				CLANG_WARN_COMMA = YES;
				CLANG_WARN_CONSTANT_CONVERSION = YES;
				CLANG_WARN_DEPRECATED_OBJC_IMPLEMENTATIONS = YES;
				CLANG_WARN_DIRECT_OBJC_ISA_USAGE = YES_ERROR;
				CLANG_WARN_DOCUMENTATION_COMMENTS = YES;
				CLANG_WARN_EMPTY_BODY = YES;
				CLANG_WARN_ENUM_CONVERSION = YES;
				CLANG_WARN_INFINITE_RECURSION = YES;
				CLANG_WARN_INT_CONVERSION = YES;
				CLANG_WARN_NON_LITERAL_NULL_CONVERSION = YES;
				CLANG_WARN_OBJC_IMPLICIT_RETAIN_SELF = YES;
				CLANG_WARN_OBJC_LITERAL_CONVERSION = YES;
				CLANG_WARN_OBJC_ROOT_CLASS = YES_ERROR;
				CLANG_WARN_QUOTED_INCLUDE_IN_FRAMEWORK_HEADER = YES;
				CLANG_WARN_RANGE_LOOP_ANALYSIS = YES;
				CLANG_WARN_STRICT_PROTOTYPES = YES;
				CLANG_WARN_SUSPICIOUS_MOVE = YES;
				CLANG_WARN_UNGUARDED_AVAILABILITY = YES_AGGRESSIVE;
				CLANG_WARN_UNREACHABLE_CODE = YES;
				CLANG_WARN__DUPLICATE_METHOD_MATCH = YES;
				COPY_PHASE_STRIP = NO;
				DEBUG_INFORMATION_FORMAT = dwarf;
				ENABLE_STRICT_OBJC_MSGSEND = YES;
				ENABLE_TESTABILITY = YES;
				GCC_C_LANGUAGE_STANDARD = gnu11;
				GCC_DYNAMIC_NO_PIC = NO;
				GCC_NO_COMMON_BLOCKS = YES;
				GCC_OPTIMIZATION_LEVEL = 0;
				GCC_PREPROCESSOR_DEFINITIONS = (
					"DEBUG=1",
					"$(inherited)",
				);
				GCC_WARN_64_TO_32_BIT_CONVERSION = YES;
				GCC_WARN_ABOUT_RETURN_TYPE = YES_ERROR;
				GCC_WARN_UNDECLARED_SELECTOR = YES;
				GCC_WARN_UNINITIALIZED_AUTOS = YES_AGGRESSIVE;
				GCC_WARN_UNUSED_FUNCTION = YES;
				GCC_WARN_UNUSED_VARIABLE = YES;
				IPHONEOS_DEPLOYMENT_TARGET = 15.2;
				MTL_ENABLE_DEBUG_INFO = INCLUDE_SOURCE;
				MTL_FAST_MATH = YES;
				ONLY_ACTIVE_ARCH = YES;
				SDKROOT = iphoneos;
				SWIFT_ACTIVE_COMPILATION_CONDITIONS = DEBUG;
				SWIFT_OPTIMIZATION_LEVEL = "-Onone";
			};
			name = Debug;
		};
		671AC41F27BD2F2400A035F8 /* Release */ = {
			isa = XCBuildConfiguration;
			buildSettings = {
				ALWAYS_SEARCH_USER_PATHS = NO;
				CLANG_ANALYZER_NONNULL = YES;
				CLANG_ANALYZER_NUMBER_OBJECT_CONVERSION = YES_AGGRESSIVE;
				CLANG_CXX_LANGUAGE_STANDARD = "gnu++17";
				CLANG_CXX_LIBRARY = "libc++";
				CLANG_ENABLE_MODULES = YES;
				CLANG_ENABLE_OBJC_ARC = YES;
				CLANG_ENABLE_OBJC_WEAK = YES;
				CLANG_WARN_BLOCK_CAPTURE_AUTORELEASING = YES;
				CLANG_WARN_BOOL_CONVERSION = YES;
				CLANG_WARN_COMMA = YES;
				CLANG_WARN_CONSTANT_CONVERSION = YES;
				CLANG_WARN_DEPRECATED_OBJC_IMPLEMENTATIONS = YES;
				CLANG_WARN_DIRECT_OBJC_ISA_USAGE = YES_ERROR;
				CLANG_WARN_DOCUMENTATION_COMMENTS = YES;
				CLANG_WARN_EMPTY_BODY = YES;
				CLANG_WARN_ENUM_CONVERSION = YES;
				CLANG_WARN_INFINITE_RECURSION = YES;
				CLANG_WARN_INT_CONVERSION = YES;
				CLANG_WARN_NON_LITERAL_NULL_CONVERSION = YES;
				CLANG_WARN_OBJC_IMPLICIT_RETAIN_SELF = YES;
				CLANG_WARN_OBJC_LITERAL_CONVERSION = YES;
				CLANG_WARN_OBJC_ROOT_CLASS = YES_ERROR;
				CLANG_WARN_QUOTED_INCLUDE_IN_FRAMEWORK_HEADER = YES;
				CLANG_WARN_RANGE_LOOP_ANALYSIS = YES;
				CLANG_WARN_STRICT_PROTOTYPES = YES;
				CLANG_WARN_SUSPICIOUS_MOVE = YES;
				CLANG_WARN_UNGUARDED_AVAILABILITY = YES_AGGRESSIVE;
				CLANG_WARN_UNREACHABLE_CODE = YES;
				CLANG_WARN__DUPLICATE_METHOD_MATCH = YES;
				COPY_PHASE_STRIP = NO;
				DEBUG_INFORMATION_FORMAT = "dwarf-with-dsym";
				ENABLE_NS_ASSERTIONS = NO;
				ENABLE_STRICT_OBJC_MSGSEND = YES;
				GCC_C_LANGUAGE_STANDARD = gnu11;
				GCC_NO_COMMON_BLOCKS = YES;
				GCC_WARN_64_TO_32_BIT_CONVERSION = YES;
				GCC_WARN_ABOUT_RETURN_TYPE = YES_ERROR;
				GCC_WARN_UNDECLARED_SELECTOR = YES;
				GCC_WARN_UNINITIALIZED_AUTOS = YES_AGGRESSIVE;
				GCC_WARN_UNUSED_FUNCTION = YES;
				GCC_WARN_UNUSED_VARIABLE = YES;
				IPHONEOS_DEPLOYMENT_TARGET = 15.2;
				MTL_ENABLE_DEBUG_INFO = NO;
				MTL_FAST_MATH = YES;
				SDKROOT = iphoneos;
				SWIFT_COMPILATION_MODE = wholemodule;
				SWIFT_OPTIMIZATION_LEVEL = "-O";
				VALIDATE_PRODUCT = YES;
			};
			name = Release;
		};
		671AC42127BD2F2400A035F8 /* Debug */ = {
			isa = XCBuildConfiguration;
			buildSettings = {
				ASSETCATALOG_COMPILER_APPICON_NAME = AppIcon;
				ASSETCATALOG_COMPILER_GLOBAL_ACCENT_COLOR_NAME = AccentColor;
				CODE_SIGN_STYLE = Automatic;
				CURRENT_PROJECT_VERSION = 1;
				DEVELOPMENT_TEAM = GG3V29QX8K;
				GENERATE_INFOPLIST_FILE = YES;
				INFOPLIST_FILE = book_demo1/Info.plist;
				INFOPLIST_KEY_UIApplicationSupportsIndirectInputEvents = YES;
				INFOPLIST_KEY_UILaunchStoryboardName = LaunchScreen;
				INFOPLIST_KEY_UIMainStoryboardFile = Main;
				INFOPLIST_KEY_UISupportedInterfaceOrientations_iPad = "UIInterfaceOrientationPortrait UIInterfaceOrientationPortraitUpsideDown UIInterfaceOrientationLandscapeLeft UIInterfaceOrientationLandscapeRight";
				INFOPLIST_KEY_UISupportedInterfaceOrientations_iPhone = "UIInterfaceOrientationPortrait UIInterfaceOrientationLandscapeLeft UIInterfaceOrientationLandscapeRight";
				LD_RUNPATH_SEARCH_PATHS = (
					"$(inherited)",
					"@executable_path/Frameworks",
				);
				MARKETING_VERSION = 1.0;
				PRODUCT_BUNDLE_IDENTIFIER = "shop.itbug.mianjizhushou.book-demo1";
				PRODUCT_NAME = "$(TARGET_NAME)";
				SWIFT_EMIT_LOC_STRINGS = YES;
				SWIFT_VERSION = 5.0;
				TARGETED_DEVICE_FAMILY = "1,2";
			};
			name = Debug;
		};
		671AC42227BD2F2400A035F8 /* Release */ = {
			isa = XCBuildConfiguration;
			buildSettings = {
				ASSETCATALOG_COMPILER_APPICON_NAME = AppIcon;
				ASSETCATALOG_COMPILER_GLOBAL_ACCENT_COLOR_NAME = AccentColor;
				CODE_SIGN_STYLE = Automatic;
				CURRENT_PROJECT_VERSION = 1;
				DEVELOPMENT_TEAM = GG3V29QX8K;
				GENERATE_INFOPLIST_FILE = YES;
				INFOPLIST_FILE = book_demo1/Info.plist;
				INFOPLIST_KEY_UIApplicationSupportsIndirectInputEvents = YES;
				INFOPLIST_KEY_UILaunchStoryboardName = LaunchScreen;
				INFOPLIST_KEY_UIMainStoryboardFile = Main;
				INFOPLIST_KEY_UISupportedInterfaceOrientations_iPad = "UIInterfaceOrientationPortrait UIInterfaceOrientationPortraitUpsideDown UIInterfaceOrientationLandscapeLeft UIInterfaceOrientationLandscapeRight";
				INFOPLIST_KEY_UISupportedInterfaceOrientations_iPhone = "UIInterfaceOrientationPortrait UIInterfaceOrientationLandscapeLeft UIInterfaceOrientationLandscapeRight";
				LD_RUNPATH_SEARCH_PATHS = (
					"$(inherited)",
					"@executable_path/Frameworks",
				);
				MARKETING_VERSION = 1.0;
				PRODUCT_BUNDLE_IDENTIFIER = "shop.itbug.mianjizhushou.book-demo1";
				PRODUCT_NAME = "$(TARGET_NAME)";
				SWIFT_EMIT_LOC_STRINGS = YES;
				SWIFT_VERSION = 5.0;
				TARGETED_DEVICE_FAMILY = "1,2";
			};
			name = Release;
		};
		671AC42427BD2F2400A035F8 /* Debug */ = {
			isa = XCBuildConfiguration;
			buildSettings = {
				ALWAYS_EMBED_SWIFT_STANDARD_LIBRARIES = YES;
				BUNDLE_LOADER = "$(TEST_HOST)";
				CODE_SIGN_STYLE = Automatic;
				CURRENT_PROJECT_VERSION = 1;
				DEVELOPMENT_TEAM = GG3V29QX8K;
				GENERATE_INFOPLIST_FILE = YES;
				IPHONEOS_DEPLOYMENT_TARGET = 15.2;
				MARKETING_VERSION = 1.0;
				PRODUCT_BUNDLE_IDENTIFIER = "shop.itbug.mianjizhushou.book-demo1Tests";
				PRODUCT_NAME = "$(TARGET_NAME)";
				SWIFT_EMIT_LOC_STRINGS = NO;
				SWIFT_VERSION = 5.0;
				TARGETED_DEVICE_FAMILY = "1,2";
				TEST_HOST = "$(BUILT_PRODUCTS_DIR)/book_demo1.app/book_demo1";
			};
			name = Debug;
		};
		671AC42527BD2F2400A035F8 /* Release */ = {
			isa = XCBuildConfiguration;
			buildSettings = {
				ALWAYS_EMBED_SWIFT_STANDARD_LIBRARIES = YES;
				BUNDLE_LOADER = "$(TEST_HOST)";
				CODE_SIGN_STYLE = Automatic;
				CURRENT_PROJECT_VERSION = 1;
				DEVELOPMENT_TEAM = GG3V29QX8K;
				GENERATE_INFOPLIST_FILE = YES;
				IPHONEOS_DEPLOYMENT_TARGET = 15.2;
				MARKETING_VERSION = 1.0;
				PRODUCT_BUNDLE_IDENTIFIER = "shop.itbug.mianjizhushou.book-demo1Tests";
				PRODUCT_NAME = "$(TARGET_NAME)";
				SWIFT_EMIT_LOC_STRINGS = NO;
				SWIFT_VERSION = 5.0;
				TARGETED_DEVICE_FAMILY = "1,2";
				TEST_HOST = "$(BUILT_PRODUCTS_DIR)/book_demo1.app/book_demo1";
			};
			name = Release;
		};
		671AC42727BD2F2400A035F8 /* Debug */ = {
			isa = XCBuildConfiguration;
			buildSettings = {
				ALWAYS_EMBED_SWIFT_STANDARD_LIBRARIES = YES;
				CODE_SIGN_STYLE = Automatic;
				CURRENT_PROJECT_VERSION = 1;
				DEVELOPMENT_TEAM = GG3V29QX8K;
				GENERATE_INFOPLIST_FILE = YES;
				MARKETING_VERSION = 1.0;
				PRODUCT_BUNDLE_IDENTIFIER = "shop.itbug.mianjizhushou.book-demo1UITests";
				PRODUCT_NAME = "$(TARGET_NAME)";
				SWIFT_EMIT_LOC_STRINGS = NO;
				SWIFT_VERSION = 5.0;
				TARGETED_DEVICE_FAMILY = "1,2";
				TEST_TARGET_NAME = book_demo1;
			};
			name = Debug;
		};
		671AC42827BD2F2400A035F8 /* Release */ = {
			isa = XCBuildConfiguration;
			buildSettings = {
				ALWAYS_EMBED_SWIFT_STANDARD_LIBRARIES = YES;
				CODE_SIGN_STYLE = Automatic;
				CURRENT_PROJECT_VERSION = 1;
				DEVELOPMENT_TEAM = GG3V29QX8K;
				GENERATE_INFOPLIST_FILE = YES;
				MARKETING_VERSION = 1.0;
				PRODUCT_BUNDLE_IDENTIFIER = "shop.itbug.mianjizhushou.book-demo1UITests";
				PRODUCT_NAME = "$(TARGET_NAME)";
				SWIFT_EMIT_LOC_STRINGS = NO;
				SWIFT_VERSION = 5.0;
				TARGETED_DEVICE_FAMILY = "1,2";
				TEST_TARGET_NAME = book_demo1;
			};
			name = Release;
		};
/* End XCBuildConfiguration section */

/* Begin XCConfigurationList section */
		671AC3F127BD2F2300A035F8 /* Build configuration list for PBXProject "book_demo1" */ = {
			isa = XCConfigurationList;
			buildConfigurations = (
				671AC41E27BD2F2400A035F8 /* Debug */,
				671AC41F27BD2F2400A035F8 /* Release */,
			);
			defaultConfigurationIsVisible = 0;
			defaultConfigurationName = Release;
		};
		671AC42027BD2F2400A035F8 /* Build configuration list for PBXNativeTarget "book_demo1" */ = {
			isa = XCConfigurationList;
			buildConfigurations = (
				671AC42127BD2F2400A035F8 /* Debug */,
				671AC42227BD2F2400A035F8 /* Release */,
			);
			defaultConfigurationIsVisible = 0;
			defaultConfigurationName = Release;
		};
		671AC42327BD2F2400A035F8 /* Build configuration list for PBXNativeTarget "book_demo1Tests" */ = {
			isa = XCConfigurationList;
			buildConfigurations = (
				671AC42427BD2F2400A035F8 /* Debug */,
				671AC42527BD2F2400A035F8 /* Release */,
			);
			defaultConfigurationIsVisible = 0;
			defaultConfigurationName = Release;
		};
		671AC42627BD2F2400A035F8 /* Build configuration list for PBXNativeTarget "book_demo1UITests" */ = {
			isa = XCConfigurationList;
			buildConfigurations = (
				671AC42727BD2F2400A035F8 /* Debug */,
				671AC42827BD2F2400A035F8 /* Release */,
			);
			defaultConfigurationIsVisible = 0;
			defaultConfigurationName = Release;
		};
/* End XCConfigurationList section */
	};
	rootObject = 671AC3EE27BD2F2300A035F8 /* Project object */;
}
