// !$*UTF8*$!
{
	archiveVersion = 1;
	classes = {
	};
	objectVersion = 55;
	objects = {

/* Begin PBXBuildFile section */
		67C47A86288F778500DD9CE8 /* AppDelegate.m in Sources */ = {isa = PBXBuildFile; fileRef = 67C47A85288F778500DD9CE8 /* AppDelegate.m */; };
		67C47A89288F778500DD9CE8 /* SceneDelegate.m in Sources */ = {isa = PBXBuildFile; fileRef = 67C47A88288F778500DD9CE8 /* SceneDelegate.m */; };
		67C47A8C288F778500DD9CE8 /* ViewController.m in Sources */ = {isa = PBXBuildFile; fileRef = 67C47A8B288F778500DD9CE8 /* ViewController.m */; };
		67C47A8F288F778500DD9CE8 /* Main.storyboard in Resources */ = {isa = PBXBuildFile; fileRef = 67C47A8D288F778500DD9CE8 /* Main.storyboard */; };
		67C47A91288F778800DD9CE8 /* Assets.xcassets in Resources */ = {isa = PBXBuildFile; fileRef = 67C47A90288F778800DD9CE8 /* Assets.xcassets */; };
		67C47A94288F778800DD9CE8 /* LaunchScreen.storyboard in Resources */ = {isa = PBXBuildFile; fileRef = 67C47A92288F778800DD9CE8 /* LaunchScreen.storyboard */; };
		67C47A97288F778800DD9CE8 /* main.m in Sources */ = {isa = PBXBuildFile; fileRef = 67C47A96288F778800DD9CE8 /* main.m */; };
		67C47AA1288F778900DD9CE8 /* StringPropertyTests.m in Sources */ = {isa = PBXBuildFile; fileRef = 67C47AA0288F778900DD9CE8 /* StringPropertyTests.m */; };
		67C47AAB288F778900DD9CE8 /* StringPropertyUITests.m in Sources */ = {isa = PBXBuildFile; fileRef = 67C47AAA288F778900DD9CE8 /* StringPropertyUITests.m */; };
		67C47AAD288F778900DD9CE8 /* StringPropertyUITestsLaunchTests.m in Sources */ = {isa = PBXBuildFile; fileRef = 67C47AAC288F778900DD9CE8 /* StringPropertyUITestsLaunchTests.m */; };
/* End PBXBuildFile section */

/* Begin PBXContainerItemProxy section */
		67C47A9D288F778900DD9CE8 /* PBXContainerItemProxy */ = {
			isa = PBXContainerItemProxy;
			containerPortal = 67C47A79288F778500DD9CE8 /* Project object */;
			proxyType = 1;
			remoteGlobalIDString = 67C47A80288F778500DD9CE8;
			remoteInfo = StringProperty;
		};
		67C47AA7288F778900DD9CE8 /* PBXContainerItemProxy */ = {
			isa = PBXContainerItemProxy;
			containerPortal = 67C47A79288F778500DD9CE8 /* Project object */;
			proxyType = 1;
			remoteGlobalIDString = 67C47A80288F778500DD9CE8;
			remoteInfo = StringProperty;
		};
/* End PBXContainerItemProxy section */

/* Begin PBXFileReference section */
		67C47A81288F778500DD9CE8 /* StringProperty.app */ = {isa = PBXFileReference; explicitFileType = wrapper.application; includeInIndex = 0; path = StringProperty.app; sourceTree = BUILT_PRODUCTS_DIR; };
		67C47A84288F778500DD9CE8 /* AppDelegate.h */ = {isa = PBXFileReference; lastKnownFileType = sourcecode.c.h; path = AppDelegate.h; sourceTree = "<group>"; };
		67C47A85288F778500DD9CE8 /* AppDelegate.m */ = {isa = PBXFileReference; lastKnownFileType = sourcecode.c.objc; path = AppDelegate.m; sourceTree = "<group>"; };
		67C47A87288F778500DD9CE8 /* SceneDelegate.h */ = {isa = PBXFileReference; lastKnownFileType = sourcecode.c.h; path = SceneDelegate.h; sourceTree = "<group>"; };
		67C47A88288F778500DD9CE8 /* SceneDelegate.m */ = {isa = PBXFileReference; lastKnownFileType = sourcecode.c.objc; path = SceneDelegate.m; sourceTree = "<group>"; };
		67C47A8A288F778500DD9CE8 /* ViewController.h */ = {isa = PBXFileReference; lastKnownFileType = sourcecode.c.h; path = ViewController.h; sourceTree = "<group>"; };
		67C47A8B288F778500DD9CE8 /* ViewController.m */ = {isa = PBXFileReference; lastKnownFileType = sourcecode.c.objc; path = ViewController.m; sourceTree = "<group>"; };
		67C47A8E288F778500DD9CE8 /* Base */ = {isa = PBXFileReference; lastKnownFileType = file.storyboard; name = Base; path = Base.lproj/Main.storyboard; sourceTree = "<group>"; };
		67C47A90288F778800DD9CE8 /* Assets.xcassets */ = {isa = PBXFileReference; lastKnownFileType = folder.assetcatalog; path = Assets.xcassets; sourceTree = "<group>"; };
		67C47A93288F778800DD9CE8 /* Base */ = {isa = PBXFileReference; lastKnownFileType = file.storyboard; name = Base; path = Base.lproj/LaunchScreen.storyboard; sourceTree = "<group>"; };
		67C47A95288F778800DD9CE8 /* Info.plist */ = {isa = PBXFileReference; lastKnownFileType = text.plist.xml; path = Info.plist; sourceTree = "<group>"; };
		67C47A96288F778800DD9CE8 /* main.m */ = {isa = PBXFileReference; lastKnownFileType = sourcecode.c.objc; path = main.m; sourceTree = "<group>"; };
		67C47A9C288F778900DD9CE8 /* StringPropertyTests.xctest */ = {isa = PBXFileReference; explicitFileType = wrapper.cfbundle; includeInIndex = 0; path = StringPropertyTests.xctest; sourceTree = BUILT_PRODUCTS_DIR; };
		67C47AA0288F778900DD9CE8 /* StringPropertyTests.m */ = {isa = PBXFileReference; lastKnownFileType = sourcecode.c.objc; path = StringPropertyTests.m; sourceTree = "<group>"; };
		67C47AA6288F778900DD9CE8 /* StringPropertyUITests.xctest */ = {isa = PBXFileReference; explicitFileType = wrapper.cfbundle; includeInIndex = 0; path = StringPropertyUITests.xctest; sourceTree = BUILT_PRODUCTS_DIR; };
		67C47AAA288F778900DD9CE8 /* StringPropertyUITests.m */ = {isa = PBXFileReference; lastKnownFileType = sourcecode.c.objc; path = StringPropertyUITests.m; sourceTree = "<group>"; };
		67C47AAC288F778900DD9CE8 /* StringPropertyUITestsLaunchTests.m */ = {isa = PBXFileReference; lastKnownFileType = sourcecode.c.objc; path = StringPropertyUITestsLaunchTests.m; sourceTree = "<group>"; };
/* End PBXFileReference section */

/* Begin PBXFrameworksBuildPhase section */
		67C47A7E288F778500DD9CE8 /* Frameworks */ = {
			isa = PBXFrameworksBuildPhase;
			buildActionMask = 2147483647;
			files = (
			);
			runOnlyForDeploymentPostprocessing = 0;
		};
		67C47A99288F778900DD9CE8 /* Frameworks */ = {
			isa = PBXFrameworksBuildPhase;
			buildActionMask = 2147483647;
			files = (
			);
			runOnlyForDeploymentPostprocessing = 0;
		};
		67C47AA3288F778900DD9CE8 /* Frameworks */ = {
			isa = PBXFrameworksBuildPhase;
			buildActionMask = 2147483647;
			files = (
			);
			runOnlyForDeploymentPostprocessing = 0;
		};
/* End PBXFrameworksBuildPhase section */

/* Begin PBXGroup section */
		67C47A78288F778500DD9CE8 = {
			isa = PBXGroup;
			children = (
				67C47A83288F778500DD9CE8 /* StringProperty */,
				67C47A9F288F778900DD9CE8 /* StringPropertyTests */,
				67C47AA9288F778900DD9CE8 /* StringPropertyUITests */,
				67C47A82288F778500DD9CE8 /* Products */,
			);
			sourceTree = "<group>";
		};
		67C47A82288F778500DD9CE8 /* Products */ = {
			isa = PBXGroup;
			children = (
				67C47A81288F778500DD9CE8 /* StringProperty.app */,
				67C47A9C288F778900DD9CE8 /* StringPropertyTests.xctest */,
				67C47AA6288F778900DD9CE8 /* StringPropertyUITests.xctest */,
			);
			name = Products;
			sourceTree = "<group>";
		};
		67C47A83288F778500DD9CE8 /* StringProperty */ = {
			isa = PBXGroup;
			children = (
				67C47A84288F778500DD9CE8 /* AppDelegate.h */,
				67C47A85288F778500DD9CE8 /* AppDelegate.m */,
				67C47A87288F778500DD9CE8 /* SceneDelegate.h */,
				67C47A88288F778500DD9CE8 /* SceneDelegate.m */,
				67C47A8A288F778500DD9CE8 /* ViewController.h */,
				67C47A8B288F778500DD9CE8 /* ViewController.m */,
				67C47A8D288F778500DD9CE8 /* Main.storyboard */,
				67C47A90288F778800DD9CE8 /* Assets.xcassets */,
				67C47A92288F778800DD9CE8 /* LaunchScreen.storyboard */,
				67C47A95288F778800DD9CE8 /* Info.plist */,
				67C47A96288F778800DD9CE8 /* main.m */,
			);
			path = StringProperty;
			sourceTree = "<group>";
		};
		67C47A9F288F778900DD9CE8 /* StringPropertyTests */ = {
			isa = PBXGroup;
			children = (
				67C47AA0288F778900DD9CE8 /* StringPropertyTests.m */,
			);
			path = StringPropertyTests;
			sourceTree = "<group>";
		};
		67C47AA9288F778900DD9CE8 /* StringPropertyUITests */ = {
			isa = PBXGroup;
			children = (
				67C47AAA288F778900DD9CE8 /* StringPropertyUITests.m */,
				67C47AAC288F778900DD9CE8 /* StringPropertyUITestsLaunchTests.m */,
			);
			path = StringPropertyUITests;
			sourceTree = "<group>";
		};
/* End PBXGroup section */

/* Begin PBXNativeTarget section */
		67C47A80288F778500DD9CE8 /* StringProperty */ = {
			isa = PBXNativeTarget;
			buildConfigurationList = 67C47AB0288F778900DD9CE8 /* Build configuration list for PBXNativeTarget "StringProperty" */;
			buildPhases = (
				67C47A7D288F778500DD9CE8 /* Sources */,
				67C47A7E288F778500DD9CE8 /* Frameworks */,
				67C47A7F288F778500DD9CE8 /* Resources */,
			);
			buildRules = (
			);
			dependencies = (
			);
			name = StringProperty;
			productName = StringProperty;
			productReference = 67C47A81288F778500DD9CE8 /* StringProperty.app */;
			productType = "com.apple.product-type.application";
		};
		67C47A9B288F778900DD9CE8 /* StringPropertyTests */ = {
			isa = PBXNativeTarget;
			buildConfigurationList = 67C47AB3288F778900DD9CE8 /* Build configuration list for PBXNativeTarget "StringPropertyTests" */;
			buildPhases = (
				67C47A98288F778900DD9CE8 /* Sources */,
				67C47A99288F778900DD9CE8 /* Frameworks */,
				67C47A9A288F778900DD9CE8 /* Resources */,
			);
			buildRules = (
			);
			dependencies = (
				67C47A9E288F778900DD9CE8 /* PBXTargetDependency */,
			);
			name = StringPropertyTests;
			productName = StringPropertyTests;
			productReference = 67C47A9C288F778900DD9CE8 /* StringPropertyTests.xctest */;
			productType = "com.apple.product-type.bundle.unit-test";
		};
		67C47AA5288F778900DD9CE8 /* StringPropertyUITests */ = {
			isa = PBXNativeTarget;
			buildConfigurationList = 67C47AB6288F778900DD9CE8 /* Build configuration list for PBXNativeTarget "StringPropertyUITests" */;
			buildPhases = (
				67C47AA2288F778900DD9CE8 /* Sources */,
				67C47AA3288F778900DD9CE8 /* Frameworks */,
				67C47AA4288F778900DD9CE8 /* Resources */,
			);
			buildRules = (
			);
			dependencies = (
				67C47AA8288F778900DD9CE8 /* PBXTargetDependency */,
			);
			name = StringPropertyUITests;
			productName = StringPropertyUITests;
			productReference = 67C47AA6288F778900DD9CE8 /* StringPropertyUITests.xctest */;
			productType = "com.apple.product-type.bundle.ui-testing";
		};
/* End PBXNativeTarget section */

/* Begin PBXProject section */
		67C47A79288F778500DD9CE8 /* Project object */ = {
			isa = PBXProject;
			attributes = {
				BuildIndependentTargetsInParallel = 1;
				LastUpgradeCheck = 1340;
				TargetAttributes = {
					67C47A80288F778500DD9CE8 = {
						CreatedOnToolsVersion = 13.4.1;
					};
					67C47A9B288F778900DD9CE8 = {
						CreatedOnToolsVersion = 13.4.1;
						TestTargetID = 67C47A80288F778500DD9CE8;
					};
					67C47AA5288F778900DD9CE8 = {
						CreatedOnToolsVersion = 13.4.1;
						TestTargetID = 67C47A80288F778500DD9CE8;
					};
				};
			};
			buildConfigurationList = 67C47A7C288F778500DD9CE8 /* Build configuration list for PBXProject "StringProperty" */;
			compatibilityVersion = "Xcode 13.0";
			developmentRegion = en;
			hasScannedForEncodings = 0;
			knownRegions = (
				en,
				Base,
			);
			mainGroup = 67C47A78288F778500DD9CE8;
			productRefGroup = 67C47A82288F778500DD9CE8 /* Products */;
			projectDirPath = "";
			projectRoot = "";
			targets = (
				67C47A80288F778500DD9CE8 /* StringProperty */,
				67C47A9B288F778900DD9CE8 /* StringPropertyTests */,
				67C47AA5288F778900DD9CE8 /* StringPropertyUITests */,
			);
		};
/* End PBXProject section */

/* Begin PBXResourcesBuildPhase section */
		67C47A7F288F778500DD9CE8 /* Resources */ = {
			isa = PBXResourcesBuildPhase;
			buildActionMask = 2147483647;
			files = (
				67C47A94288F778800DD9CE8 /* LaunchScreen.storyboard in Resources */,
				67C47A91288F778800DD9CE8 /* Assets.xcassets in Resources */,
				67C47A8F288F778500DD9CE8 /* Main.storyboard in Resources */,
			);
			runOnlyForDeploymentPostprocessing = 0;
		};
		67C47A9A288F778900DD9CE8 /* Resources */ = {
			isa = PBXResourcesBuildPhase;
			buildActionMask = 2147483647;
			files = (
			);
			runOnlyForDeploymentPostprocessing = 0;
		};
		67C47AA4288F778900DD9CE8 /* Resources */ = {
			isa = PBXResourcesBuildPhase;
			buildActionMask = 2147483647;
			files = (
			);
			runOnlyForDeploymentPostprocessing = 0;
		};
/* End PBXResourcesBuildPhase section */

/* Begin PBXSourcesBuildPhase section */
		67C47A7D288F778500DD9CE8 /* Sources */ = {
			isa = PBXSourcesBuildPhase;
			buildActionMask = 2147483647;
			files = (
				67C47A8C288F778500DD9CE8 /* ViewController.m in Sources */,
				67C47A86288F778500DD9CE8 /* AppDelegate.m in Sources */,
				67C47A97288F778800DD9CE8 /* main.m in Sources */,
				67C47A89288F778500DD9CE8 /* SceneDelegate.m in Sources */,
			);
			runOnlyForDeploymentPostprocessing = 0;
		};
		67C47A98288F778900DD9CE8 /* Sources */ = {
			isa = PBXSourcesBuildPhase;
			buildActionMask = 2147483647;
			files = (
				67C47AA1288F778900DD9CE8 /* StringPropertyTests.m in Sources */,
			);
			runOnlyForDeploymentPostprocessing = 0;
		};
		67C47AA2288F778900DD9CE8 /* Sources */ = {
			isa = PBXSourcesBuildPhase;
			buildActionMask = 2147483647;
			files = (
				67C47AAD288F778900DD9CE8 /* StringPropertyUITestsLaunchTests.m in Sources */,
				67C47AAB288F778900DD9CE8 /* StringPropertyUITests.m in Sources */,
			);
			runOnlyForDeploymentPostprocessing = 0;
		};
/* End PBXSourcesBuildPhase section */

/* Begin PBXTargetDependency section */
		67C47A9E288F778900DD9CE8 /* PBXTargetDependency */ = {
			isa = PBXTargetDependency;
			target = 67C47A80288F778500DD9CE8 /* StringProperty */;
			targetProxy = 67C47A9D288F778900DD9CE8 /* PBXContainerItemProxy */;
		};
		67C47AA8288F778900DD9CE8 /* PBXTargetDependency */ = {
			isa = PBXTargetDependency;
			target = 67C47A80288F778500DD9CE8 /* StringProperty */;
			targetProxy = 67C47AA7288F778900DD9CE8 /* PBXContainerItemProxy */;
		};
/* End PBXTargetDependency section */

/* Begin PBXVariantGroup section */
		67C47A8D288F778500DD9CE8 /* Main.storyboard */ = {
			isa = PBXVariantGroup;
			children = (
				67C47A8E288F778500DD9CE8 /* Base */,
			);
			name = Main.storyboard;
			sourceTree = "<group>";
		};
		67C47A92288F778800DD9CE8 /* LaunchScreen.storyboard */ = {
			isa = PBXVariantGroup;
			children = (
				67C47A93288F778800DD9CE8 /* Base */,
			);
			name = LaunchScreen.storyboard;
			sourceTree = "<group>";
		};
/* End PBXVariantGroup section */

/* Begin XCBuildConfiguration section */
		67C47AAE288F778900DD9CE8 /* Debug */ = {
			isa = XCBuildConfiguration;
			buildSettings = {
				ALWAYS_SEARCH_USER_PATHS = NO;
				CLANG_ANALYZER_NONNULL = YES;
				CLANG_ANALYZER_NUMBER_OBJECT_CONVERSION = YES_AGGRESSIVE;
				CLANG_CXX_LANGUAGE_STANDARD = "gnu++17";
				CLANG_ENABLE_MODULES = YES;
				CLANG_ENABLE_OBJC_ARC = YES;
				CLANG_ENABLE_OBJC_WEAK = YES;
				CLANG_WARN_BLOCK_CAPTURE_AUTORELEASING = YES;
				CLANG_WARN_BOOL_CONVERSION = YES;
				CLANG_WARN_COMMA = YES;
				CLANG_WARN_CONSTANT_CONVERSION = YES;
				CLANG_WARN_DEPRECATED_OBJC_IMPLEMENTATIONS = YES;
				CLANG_WARN_DIRECT_OBJC_ISA_USAGE = YES_ERROR;
				CLANG_WARN_DOCUMENTATION_COMMENTS = YES;
				CLANG_WARN_EMPTY_BODY = YES;
				CLANG_WARN_ENUM_CONVERSION = YES;
				CLANG_WARN_INFINITE_RECURSION = YES;
				CLANG_WARN_INT_CONVERSION = YES;
				CLANG_WARN_NON_LITERAL_NULL_CONVERSION = YES;
				CLANG_WARN_OBJC_IMPLICIT_RETAIN_SELF = YES;
				CLANG_WARN_OBJC_LITERAL_CONVERSION = YES;
				CLANG_WARN_OBJC_ROOT_CLASS = YES_ERROR;
				CLANG_WARN_QUOTED_INCLUDE_IN_FRAMEWORK_HEADER = YES;
				CLANG_WARN_RANGE_LOOP_ANALYSIS = YES;
				CLANG_WARN_STRICT_PROTOTYPES = YES;
				CLANG_WARN_SUSPICIOUS_MOVE = YES;
				CLANG_WARN_UNGUARDED_AVAILABILITY = YES_AGGRESSIVE;
				CLANG_WARN_UNREACHABLE_CODE = YES;
				CLANG_WARN__DUPLICATE_METHOD_MATCH = YES;
				COPY_PHASE_STRIP = NO;
				DEBUG_INFORMATION_FORMAT = dwarf;
				ENABLE_STRICT_OBJC_MSGSEND = YES;
				ENABLE_TESTABILITY = YES;
				GCC_C_LANGUAGE_STANDARD = gnu11;
				GCC_DYNAMIC_NO_PIC = NO;
				GCC_NO_COMMON_BLOCKS = YES;
				GCC_OPTIMIZATION_LEVEL = 0;
				GCC_PREPROCESSOR_DEFINITIONS = (
					"DEBUG=1",
					"$(inherited)",
				);
				GCC_WARN_64_TO_32_BIT_CONVERSION = YES;
				GCC_WARN_ABOUT_RETURN_TYPE = YES_ERROR;
				GCC_WARN_UNDECLARED_SELECTOR = YES;
				GCC_WARN_UNINITIALIZED_AUTOS = YES_AGGRESSIVE;
				GCC_WARN_UNUSED_FUNCTION = YES;
				GCC_WARN_UNUSED_VARIABLE = YES;
				IPHONEOS_DEPLOYMENT_TARGET = 15.5;
				MTL_ENABLE_DEBUG_INFO = INCLUDE_SOURCE;
				MTL_FAST_MATH = YES;
				ONLY_ACTIVE_ARCH = YES;
				SDKROOT = iphoneos;
			};
			name = Debug;
		};
		67C47AAF288F778900DD9CE8 /* Release */ = {
			isa = XCBuildConfiguration;
			buildSettings = {
				ALWAYS_SEARCH_USER_PATHS = NO;
				CLANG_ANALYZER_NONNULL = YES;
				CLANG_ANALYZER_NUMBER_OBJECT_CONVERSION = YES_AGGRESSIVE;
				CLANG_CXX_LANGUAGE_STANDARD = "gnu++17";
				CLANG_ENABLE_MODULES = YES;
				CLANG_ENABLE_OBJC_ARC = YES;
				CLANG_ENABLE_OBJC_WEAK = YES;
				CLANG_WARN_BLOCK_CAPTURE_AUTORELEASING = YES;
				CLANG_WARN_BOOL_CONVERSION = YES;
				CLANG_WARN_COMMA = YES;
				CLANG_WARN_CONSTANT_CONVERSION = YES;
				CLANG_WARN_DEPRECATED_OBJC_IMPLEMENTATIONS = YES;
				CLANG_WARN_DIRECT_OBJC_ISA_USAGE = YES_ERROR;
				CLANG_WARN_DOCUMENTATION_COMMENTS = YES;
				CLANG_WARN_EMPTY_BODY = YES;
				CLANG_WARN_ENUM_CONVERSION = YES;
				CLANG_WARN_INFINITE_RECURSION = YES;
				CLANG_WARN_INT_CONVERSION = YES;
				CLANG_WARN_NON_LITERAL_NULL_CONVERSION = YES;
				CLANG_WARN_OBJC_IMPLICIT_RETAIN_SELF = YES;
				CLANG_WARN_OBJC_LITERAL_CONVERSION = YES;
				CLANG_WARN_OBJC_ROOT_CLASS = YES_ERROR;
				CLANG_WARN_QUOTED_INCLUDE_IN_FRAMEWORK_HEADER = YES;
				CLANG_WARN_RANGE_LOOP_ANALYSIS = YES;
				CLANG_WARN_STRICT_PROTOTYPES = YES;
				CLANG_WARN_SUSPICIOUS_MOVE = YES;
				CLANG_WARN_UNGUARDED_AVAILABILITY = YES_AGGRESSIVE;
				CLANG_WARN_UNREACHABLE_CODE = YES;
				CLANG_WARN__DUPLICATE_METHOD_MATCH = YES;
				COPY_PHASE_STRIP = NO;
				DEBUG_INFORMATION_FORMAT = "dwarf-with-dsym";
				ENABLE_NS_ASSERTIONS = NO;
				ENABLE_STRICT_OBJC_MSGSEND = YES;
				GCC_C_LANGUAGE_STANDARD = gnu11;
				GCC_NO_COMMON_BLOCKS = YES;
				GCC_WARN_64_TO_32_BIT_CONVERSION = YES;
				GCC_WARN_ABOUT_RETURN_TYPE = YES_ERROR;
				GCC_WARN_UNDECLARED_SELECTOR = YES;
				GCC_WARN_UNINITIALIZED_AUTOS = YES_AGGRESSIVE;
				GCC_WARN_UNUSED_FUNCTION = YES;
				GCC_WARN_UNUSED_VARIABLE = YES;
				IPHONEOS_DEPLOYMENT_TARGET = 15.5;
				MTL_ENABLE_DEBUG_INFO = NO;
				MTL_FAST_MATH = YES;
				SDKROOT = iphoneos;
				VALIDATE_PRODUCT = YES;
			};
			name = Release;
		};
		67C47AB1288F778900DD9CE8 /* Debug */ = {
			isa = XCBuildConfiguration;
			buildSettings = {
				ASSETCATALOG_COMPILER_APPICON_NAME = AppIcon;
				ASSETCATALOG_COMPILER_GLOBAL_ACCENT_COLOR_NAME = AccentColor;
				CODE_SIGN_STYLE = Automatic;
				CURRENT_PROJECT_VERSION = 1;
				DEVELOPMENT_TEAM = GG3V29QX8K;
				GENERATE_INFOPLIST_FILE = YES;
				INFOPLIST_FILE = StringProperty/Info.plist;
				INFOPLIST_KEY_UIApplicationSupportsIndirectInputEvents = YES;
				INFOPLIST_KEY_UILaunchStoryboardName = LaunchScreen;
				INFOPLIST_KEY_UIMainStoryboardFile = Main;
				INFOPLIST_KEY_UISupportedInterfaceOrientations_iPad = "UIInterfaceOrientationPortrait UIInterfaceOrientationPortraitUpsideDown UIInterfaceOrientationLandscapeLeft UIInterfaceOrientationLandscapeRight";
				INFOPLIST_KEY_UISupportedInterfaceOrientations_iPhone = "UIInterfaceOrientationPortrait UIInterfaceOrientationLandscapeLeft UIInterfaceOrientationLandscapeRight";
				LD_RUNPATH_SEARCH_PATHS = (
					"$(inherited)",
					"@executable_path/Frameworks",
				);
				MARKETING_VERSION = 1.0;
				PRODUCT_BUNDLE_IDENTIFIER = shop.itbug.StringProperty.StringProperty;
				PRODUCT_NAME = "$(TARGET_NAME)";
				SWIFT_EMIT_LOC_STRINGS = YES;
				TARGETED_DEVICE_FAMILY = 1;
			};
			name = Debug;
		};
		67C47AB2288F778900DD9CE8 /* Release */ = {
			isa = XCBuildConfiguration;
			buildSettings = {
				ASSETCATALOG_COMPILER_APPICON_NAME = AppIcon;
				ASSETCATALOG_COMPILER_GLOBAL_ACCENT_COLOR_NAME = AccentColor;
				CODE_SIGN_STYLE = Automatic;
				CURRENT_PROJECT_VERSION = 1;
				DEVELOPMENT_TEAM = GG3V29QX8K;
				GENERATE_INFOPLIST_FILE = YES;
				INFOPLIST_FILE = StringProperty/Info.plist;
				INFOPLIST_KEY_UIApplicationSupportsIndirectInputEvents = YES;
				INFOPLIST_KEY_UILaunchStoryboardName = LaunchScreen;
				INFOPLIST_KEY_UIMainStoryboardFile = Main;
				INFOPLIST_KEY_UISupportedInterfaceOrientations_iPad = "UIInterfaceOrientationPortrait UIInterfaceOrientationPortraitUpsideDown UIInterfaceOrientationLandscapeLeft UIInterfaceOrientationLandscapeRight";
				INFOPLIST_KEY_UISupportedInterfaceOrientations_iPhone = "UIInterfaceOrientationPortrait UIInterfaceOrientationLandscapeLeft UIInterfaceOrientationLandscapeRight";
				LD_RUNPATH_SEARCH_PATHS = (
					"$(inherited)",
					"@executable_path/Frameworks",
				);
				MARKETING_VERSION = 1.0;
				PRODUCT_BUNDLE_IDENTIFIER = shop.itbug.StringProperty.StringProperty;
				PRODUCT_NAME = "$(TARGET_NAME)";
				SWIFT_EMIT_LOC_STRINGS = YES;
				TARGETED_DEVICE_FAMILY = 1;
			};
			name = Release;
		};
		67C47AB4288F778900DD9CE8 /* Debug */ = {
			isa = XCBuildConfiguration;
			buildSettings = {
				BUNDLE_LOADER = "$(TEST_HOST)";
				CODE_SIGN_STYLE = Automatic;
				CURRENT_PROJECT_VERSION = 1;
				DEVELOPMENT_TEAM = GG3V29QX8K;
				GENERATE_INFOPLIST_FILE = YES;
				IPHONEOS_DEPLOYMENT_TARGET = 15.5;
				MARKETING_VERSION = 1.0;
				PRODUCT_BUNDLE_IDENTIFIER = shop.itbug.StringProperty.StringPropertyTests;
				PRODUCT_NAME = "$(TARGET_NAME)";
				SWIFT_EMIT_LOC_STRINGS = NO;
				TARGETED_DEVICE_FAMILY = "1,2";
				TEST_HOST = "$(BUILT_PRODUCTS_DIR)/StringProperty.app/StringProperty";
			};
			name = Debug;
		};
		67C47AB5288F778900DD9CE8 /* Release */ = {
			isa = XCBuildConfiguration;
			buildSettings = {
				BUNDLE_LOADER = "$(TEST_HOST)";
				CODE_SIGN_STYLE = Automatic;
				CURRENT_PROJECT_VERSION = 1;
				DEVELOPMENT_TEAM = GG3V29QX8K;
				GENERATE_INFOPLIST_FILE = YES;
				IPHONEOS_DEPLOYMENT_TARGET = 15.5;
				MARKETING_VERSION = 1.0;
				PRODUCT_BUNDLE_IDENTIFIER = shop.itbug.StringProperty.StringPropertyTests;
				PRODUCT_NAME = "$(TARGET_NAME)";
				SWIFT_EMIT_LOC_STRINGS = NO;
				TARGETED_DEVICE_FAMILY = "1,2";
				TEST_HOST = "$(BUILT_PRODUCTS_DIR)/StringProperty.app/StringProperty";
			};
			name = Release;
		};
		67C47AB7288F778900DD9CE8 /* Debug */ = {
			isa = XCBuildConfiguration;
			buildSettings = {
				CODE_SIGN_STYLE = Automatic;
				CURRENT_PROJECT_VERSION = 1;
				DEVELOPMENT_TEAM = GG3V29QX8K;
				GENERATE_INFOPLIST_FILE = YES;
				MARKETING_VERSION = 1.0;
				PRODUCT_BUNDLE_IDENTIFIER = shop.itbug.StringProperty.StringPropertyUITests;
				PRODUCT_NAME = "$(TARGET_NAME)";
				SWIFT_EMIT_LOC_STRINGS = NO;
				TARGETED_DEVICE_FAMILY = "1,2";
				TEST_TARGET_NAME = StringProperty;
			};
			name = Debug;
		};
		67C47AB8288F778900DD9CE8 /* Release */ = {
			isa = XCBuildConfiguration;
			buildSettings = {
				CODE_SIGN_STYLE = Automatic;
				CURRENT_PROJECT_VERSION = 1;
				DEVELOPMENT_TEAM = GG3V29QX8K;
				GENERATE_INFOPLIST_FILE = YES;
				MARKETING_VERSION = 1.0;
				PRODUCT_BUNDLE_IDENTIFIER = shop.itbug.StringProperty.StringPropertyUITests;
				PRODUCT_NAME = "$(TARGET_NAME)";
				SWIFT_EMIT_LOC_STRINGS = NO;
				TARGETED_DEVICE_FAMILY = "1,2";
				TEST_TARGET_NAME = StringProperty;
			};
			name = Release;
		};
/* End XCBuildConfiguration section */

/* Begin XCConfigurationList section */
		67C47A7C288F778500DD9CE8 /* Build configuration list for PBXProject "StringProperty" */ = {
			isa = XCConfigurationList;
			buildConfigurations = (
				67C47AAE288F778900DD9CE8 /* Debug */,
				67C47AAF288F778900DD9CE8 /* Release */,
			);
			defaultConfigurationIsVisible = 0;
			defaultConfigurationName = Release;
		};
		67C47AB0288F778900DD9CE8 /* Build configuration list for PBXNativeTarget "StringProperty" */ = {
			isa = XCConfigurationList;
			buildConfigurations = (
				67C47AB1288F778900DD9CE8 /* Debug */,
				67C47AB2288F778900DD9CE8 /* Release */,
			);
			defaultConfigurationIsVisible = 0;
			defaultConfigurationName = Release;
		};
		67C47AB3288F778900DD9CE8 /* Build configuration list for PBXNativeTarget "StringPropertyTests" */ = {
			isa = XCConfigurationList;
			buildConfigurations = (
				67C47AB4288F778900DD9CE8 /* Debug */,
				67C47AB5288F778900DD9CE8 /* Release */,
			);
			defaultConfigurationIsVisible = 0;
			defaultConfigurationName = Release;
		};
		67C47AB6288F778900DD9CE8 /* Build configuration list for PBXNativeTarget "StringPropertyUITests" */ = {
			isa = XCConfigurationList;
			buildConfigurations = (
				67C47AB7288F778900DD9CE8 /* Debug */,
				67C47AB8288F778900DD9CE8 /* Release */,
			);
			defaultConfigurationIsVisible = 0;
			defaultConfigurationName = Release;
		};
/* End XCConfigurationList section */
	};
	rootObject = 67C47A79288F778500DD9CE8 /* Project object */;
}
