// !$*UTF8*$!
{
	archiveVersion = 1;
	classes = {
	};
	objectVersion = 55;
	objects = {

/* Begin PBXBuildFile section */
		67AE4C2527D8B3490005B721 /* ItemCell.swift in Sources */ = {isa = PBXBuildFile; fileRef = 67AE4C2427D8B3490005B721 /* ItemCell.swift */; };
		67E7712527D21471008F2472 /* AppDelegate.swift in Sources */ = {isa = PBXBuildFile; fileRef = 67E7712427D21471008F2472 /* AppDelegate.swift */; };
		67E7712727D21471008F2472 /* SceneDelegate.swift in Sources */ = {isa = PBXBuildFile; fileRef = 67E7712627D21471008F2472 /* SceneDelegate.swift */; };
		67E7712C27D21471008F2472 /* Main.storyboard in Resources */ = {isa = PBXBuildFile; fileRef = 67E7712A27D21471008F2472 /* Main.storyboard */; };
		67E7712E27D21472008F2472 /* Assets.xcassets in Resources */ = {isa = PBXBuildFile; fileRef = 67E7712D27D21472008F2472 /* Assets.xcassets */; };
		67E7713127D21472008F2472 /* LaunchScreen.storyboard in Resources */ = {isa = PBXBuildFile; fileRef = 67E7712F27D21472008F2472 /* LaunchScreen.storyboard */; };
		67E7713C27D21472008F2472 /* tabviewdemoTests.swift in Sources */ = {isa = PBXBuildFile; fileRef = 67E7713B27D21472008F2472 /* tabviewdemoTests.swift */; };
		67E7714627D21472008F2472 /* tabviewdemoUITests.swift in Sources */ = {isa = PBXBuildFile; fileRef = 67E7714527D21472008F2472 /* tabviewdemoUITests.swift */; };
		67E7714827D21472008F2472 /* tabviewdemoUITestsLaunchTests.swift in Sources */ = {isa = PBXBuildFile; fileRef = 67E7714727D21472008F2472 /* tabviewdemoUITestsLaunchTests.swift */; };
		67E7715527D21550008F2472 /* ItemsViewController.swift in Sources */ = {isa = PBXBuildFile; fileRef = 67E7715427D21550008F2472 /* ItemsViewController.swift */; };
		67E7715727D2168B008F2472 /* Item.swift in Sources */ = {isa = PBXBuildFile; fileRef = 67E7715627D2168B008F2472 /* Item.swift */; };
		67E7715927D21BB8008F2472 /* ItemStore.swift in Sources */ = {isa = PBXBuildFile; fileRef = 67E7715827D21BB8008F2472 /* ItemStore.swift */; };
/* End PBXBuildFile section */

/* Begin PBXContainerItemProxy section */
		67E7713827D21472008F2472 /* PBXContainerItemProxy */ = {
			isa = PBXContainerItemProxy;
			containerPortal = 67E7711927D21471008F2472 /* Project object */;
			proxyType = 1;
			remoteGlobalIDString = 67E7712027D21471008F2472;
			remoteInfo = tabviewdemo;
		};
		67E7714227D21472008F2472 /* PBXContainerItemProxy */ = {
			isa = PBXContainerItemProxy;
			containerPortal = 67E7711927D21471008F2472 /* Project object */;
			proxyType = 1;
			remoteGlobalIDString = 67E7712027D21471008F2472;
			remoteInfo = tabviewdemo;
		};
/* End PBXContainerItemProxy section */

/* Begin PBXFileReference section */
		67AE4C2427D8B3490005B721 /* ItemCell.swift */ = {isa = PBXFileReference; lastKnownFileType = sourcecode.swift; path = ItemCell.swift; sourceTree = "<group>"; };
		67E7712127D21471008F2472 /* tabviewdemo.app */ = {isa = PBXFileReference; explicitFileType = wrapper.application; includeInIndex = 0; path = tabviewdemo.app; sourceTree = BUILT_PRODUCTS_DIR; };
		67E7712427D21471008F2472 /* AppDelegate.swift */ = {isa = PBXFileReference; lastKnownFileType = sourcecode.swift; path = AppDelegate.swift; sourceTree = "<group>"; };
		67E7712627D21471008F2472 /* SceneDelegate.swift */ = {isa = PBXFileReference; lastKnownFileType = sourcecode.swift; path = SceneDelegate.swift; sourceTree = "<group>"; };
		67E7712B27D21471008F2472 /* Base */ = {isa = PBXFileReference; lastKnownFileType = file.storyboard; name = Base; path = Base.lproj/Main.storyboard; sourceTree = "<group>"; };
		67E7712D27D21472008F2472 /* Assets.xcassets */ = {isa = PBXFileReference; lastKnownFileType = folder.assetcatalog; path = Assets.xcassets; sourceTree = "<group>"; };
		67E7713027D21472008F2472 /* Base */ = {isa = PBXFileReference; lastKnownFileType = file.storyboard; name = Base; path = Base.lproj/LaunchScreen.storyboard; sourceTree = "<group>"; };
		67E7713227D21472008F2472 /* Info.plist */ = {isa = PBXFileReference; lastKnownFileType = text.plist.xml; path = Info.plist; sourceTree = "<group>"; };
		67E7713727D21472008F2472 /* tabviewdemoTests.xctest */ = {isa = PBXFileReference; explicitFileType = wrapper.cfbundle; includeInIndex = 0; path = tabviewdemoTests.xctest; sourceTree = BUILT_PRODUCTS_DIR; };
		67E7713B27D21472008F2472 /* tabviewdemoTests.swift */ = {isa = PBXFileReference; lastKnownFileType = sourcecode.swift; path = tabviewdemoTests.swift; sourceTree = "<group>"; };
		67E7714127D21472008F2472 /* tabviewdemoUITests.xctest */ = {isa = PBXFileReference; explicitFileType = wrapper.cfbundle; includeInIndex = 0; path = tabviewdemoUITests.xctest; sourceTree = BUILT_PRODUCTS_DIR; };
		67E7714527D21472008F2472 /* tabviewdemoUITests.swift */ = {isa = PBXFileReference; lastKnownFileType = sourcecode.swift; path = tabviewdemoUITests.swift; sourceTree = "<group>"; };
		67E7714727D21472008F2472 /* tabviewdemoUITestsLaunchTests.swift */ = {isa = PBXFileReference; lastKnownFileType = sourcecode.swift; path = tabviewdemoUITestsLaunchTests.swift; sourceTree = "<group>"; };
		67E7715427D21550008F2472 /* ItemsViewController.swift */ = {isa = PBXFileReference; lastKnownFileType = sourcecode.swift; path = ItemsViewController.swift; sourceTree = "<group>"; };
		67E7715627D2168B008F2472 /* Item.swift */ = {isa = PBXFileReference; lastKnownFileType = sourcecode.swift; path = Item.swift; sourceTree = "<group>"; };
		67E7715827D21BB8008F2472 /* ItemStore.swift */ = {isa = PBXFileReference; lastKnownFileType = sourcecode.swift; path = ItemStore.swift; sourceTree = "<group>"; };
/* End PBXFileReference section */

/* Begin PBXFrameworksBuildPhase section */
		67E7711E27D21471008F2472 /* Frameworks */ = {
			isa = PBXFrameworksBuildPhase;
			buildActionMask = 2147483647;
			files = (
			);
			runOnlyForDeploymentPostprocessing = 0;
		};
		67E7713427D21472008F2472 /* Frameworks */ = {
			isa = PBXFrameworksBuildPhase;
			buildActionMask = 2147483647;
			files = (
			);
			runOnlyForDeploymentPostprocessing = 0;
		};
		67E7713E27D21472008F2472 /* Frameworks */ = {
			isa = PBXFrameworksBuildPhase;
			buildActionMask = 2147483647;
			files = (
			);
			runOnlyForDeploymentPostprocessing = 0;
		};
/* End PBXFrameworksBuildPhase section */

/* Begin PBXGroup section */
		67AE4C2327D8B30A0005B721 /* layout */ = {
			isa = PBXGroup;
			children = (
				67AE4C2427D8B3490005B721 /* ItemCell.swift */,
			);
			path = layout;
			sourceTree = "<group>";
		};
		67E7711827D21471008F2472 = {
			isa = PBXGroup;
			children = (
				67E7712327D21471008F2472 /* tabviewdemo */,
				67E7713A27D21472008F2472 /* tabviewdemoTests */,
				67E7714427D21472008F2472 /* tabviewdemoUITests */,
				67E7712227D21471008F2472 /* Products */,
			);
			sourceTree = "<group>";
		};
		67E7712227D21471008F2472 /* Products */ = {
			isa = PBXGroup;
			children = (
				67E7712127D21471008F2472 /* tabviewdemo.app */,
				67E7713727D21472008F2472 /* tabviewdemoTests.xctest */,
				67E7714127D21472008F2472 /* tabviewdemoUITests.xctest */,
			);
			name = Products;
			sourceTree = "<group>";
		};
		67E7712327D21471008F2472 /* tabviewdemo */ = {
			isa = PBXGroup;
			children = (
				67AE4C2327D8B30A0005B721 /* layout */,
				67E7712427D21471008F2472 /* AppDelegate.swift */,
				67E7712627D21471008F2472 /* SceneDelegate.swift */,
				67E7712A27D21471008F2472 /* Main.storyboard */,
				67E7712D27D21472008F2472 /* Assets.xcassets */,
				67E7712F27D21472008F2472 /* LaunchScreen.storyboard */,
				67E7713227D21472008F2472 /* Info.plist */,
				67E7715427D21550008F2472 /* ItemsViewController.swift */,
				67E7715627D2168B008F2472 /* Item.swift */,
				67E7715827D21BB8008F2472 /* ItemStore.swift */,
			);
			path = tabviewdemo;
			sourceTree = "<group>";
		};
		67E7713A27D21472008F2472 /* tabviewdemoTests */ = {
			isa = PBXGroup;
			children = (
				67E7713B27D21472008F2472 /* tabviewdemoTests.swift */,
			);
			path = tabviewdemoTests;
			sourceTree = "<group>";
		};
		67E7714427D21472008F2472 /* tabviewdemoUITests */ = {
			isa = PBXGroup;
			children = (
				67E7714527D21472008F2472 /* tabviewdemoUITests.swift */,
				67E7714727D21472008F2472 /* tabviewdemoUITestsLaunchTests.swift */,
			);
			path = tabviewdemoUITests;
			sourceTree = "<group>";
		};
/* End PBXGroup section */

/* Begin PBXNativeTarget section */
		67E7712027D21471008F2472 /* tabviewdemo */ = {
			isa = PBXNativeTarget;
			buildConfigurationList = 67E7714B27D21472008F2472 /* Build configuration list for PBXNativeTarget "tabviewdemo" */;
			buildPhases = (
				67E7711D27D21471008F2472 /* Sources */,
				67E7711E27D21471008F2472 /* Frameworks */,
				67E7711F27D21471008F2472 /* Resources */,
			);
			buildRules = (
			);
			dependencies = (
			);
			name = tabviewdemo;
			productName = tabviewdemo;
			productReference = 67E7712127D21471008F2472 /* tabviewdemo.app */;
			productType = "com.apple.product-type.application";
		};
		67E7713627D21472008F2472 /* tabviewdemoTests */ = {
			isa = PBXNativeTarget;
			buildConfigurationList = 67E7714E27D21472008F2472 /* Build configuration list for PBXNativeTarget "tabviewdemoTests" */;
			buildPhases = (
				67E7713327D21472008F2472 /* Sources */,
				67E7713427D21472008F2472 /* Frameworks */,
				67E7713527D21472008F2472 /* Resources */,
			);
			buildRules = (
			);
			dependencies = (
				67E7713927D21472008F2472 /* PBXTargetDependency */,
			);
			name = tabviewdemoTests;
			productName = tabviewdemoTests;
			productReference = 67E7713727D21472008F2472 /* tabviewdemoTests.xctest */;
			productType = "com.apple.product-type.bundle.unit-test";
		};
		67E7714027D21472008F2472 /* tabviewdemoUITests */ = {
			isa = PBXNativeTarget;
			buildConfigurationList = 67E7715127D21472008F2472 /* Build configuration list for PBXNativeTarget "tabviewdemoUITests" */;
			buildPhases = (
				67E7713D27D21472008F2472 /* Sources */,
				67E7713E27D21472008F2472 /* Frameworks */,
				67E7713F27D21472008F2472 /* Resources */,
			);
			buildRules = (
			);
			dependencies = (
				67E7714327D21472008F2472 /* PBXTargetDependency */,
			);
			name = tabviewdemoUITests;
			productName = tabviewdemoUITests;
			productReference = 67E7714127D21472008F2472 /* tabviewdemoUITests.xctest */;
			productType = "com.apple.product-type.bundle.ui-testing";
		};
/* End PBXNativeTarget section */

/* Begin PBXProject section */
		67E7711927D21471008F2472 /* Project object */ = {
			isa = PBXProject;
			attributes = {
				BuildIndependentTargetsInParallel = 1;
				LastSwiftUpdateCheck = 1320;
				LastUpgradeCheck = 1320;
				TargetAttributes = {
					67E7712027D21471008F2472 = {
						CreatedOnToolsVersion = 13.2.1;
					};
					67E7713627D21472008F2472 = {
						CreatedOnToolsVersion = 13.2.1;
						TestTargetID = 67E7712027D21471008F2472;
					};
					67E7714027D21472008F2472 = {
						CreatedOnToolsVersion = 13.2.1;
						TestTargetID = 67E7712027D21471008F2472;
					};
				};
			};
			buildConfigurationList = 67E7711C27D21471008F2472 /* Build configuration list for PBXProject "tabviewdemo" */;
			compatibilityVersion = "Xcode 13.0";
			developmentRegion = en;
			hasScannedForEncodings = 0;
			knownRegions = (
				en,
				Base,
			);
			mainGroup = 67E7711827D21471008F2472;
			productRefGroup = 67E7712227D21471008F2472 /* Products */;
			projectDirPath = "";
			projectRoot = "";
			targets = (
				67E7712027D21471008F2472 /* tabviewdemo */,
				67E7713627D21472008F2472 /* tabviewdemoTests */,
				67E7714027D21472008F2472 /* tabviewdemoUITests */,
			);
		};
/* End PBXProject section */

/* Begin PBXResourcesBuildPhase section */
		67E7711F27D21471008F2472 /* Resources */ = {
			isa = PBXResourcesBuildPhase;
			buildActionMask = 2147483647;
			files = (
				67E7713127D21472008F2472 /* LaunchScreen.storyboard in Resources */,
				67E7712E27D21472008F2472 /* Assets.xcassets in Resources */,
				67E7712C27D21471008F2472 /* Main.storyboard in Resources */,
			);
			runOnlyForDeploymentPostprocessing = 0;
		};
		67E7713527D21472008F2472 /* Resources */ = {
			isa = PBXResourcesBuildPhase;
			buildActionMask = 2147483647;
			files = (
			);
			runOnlyForDeploymentPostprocessing = 0;
		};
		67E7713F27D21472008F2472 /* Resources */ = {
			isa = PBXResourcesBuildPhase;
			buildActionMask = 2147483647;
			files = (
			);
			runOnlyForDeploymentPostprocessing = 0;
		};
/* End PBXResourcesBuildPhase section */

/* Begin PBXSourcesBuildPhase section */
		67E7711D27D21471008F2472 /* Sources */ = {
			isa = PBXSourcesBuildPhase;
			buildActionMask = 2147483647;
			files = (
				67E7715727D2168B008F2472 /* Item.swift in Sources */,
				67E7715527D21550008F2472 /* ItemsViewController.swift in Sources */,
				67AE4C2527D8B3490005B721 /* ItemCell.swift in Sources */,
				67E7712527D21471008F2472 /* AppDelegate.swift in Sources */,
				67E7715927D21BB8008F2472 /* ItemStore.swift in Sources */,
				67E7712727D21471008F2472 /* SceneDelegate.swift in Sources */,
			);
			runOnlyForDeploymentPostprocessing = 0;
		};
		67E7713327D21472008F2472 /* Sources */ = {
			isa = PBXSourcesBuildPhase;
			buildActionMask = 2147483647;
			files = (
				67E7713C27D21472008F2472 /* tabviewdemoTests.swift in Sources */,
			);
			runOnlyForDeploymentPostprocessing = 0;
		};
		67E7713D27D21472008F2472 /* Sources */ = {
			isa = PBXSourcesBuildPhase;
			buildActionMask = 2147483647;
			files = (
				67E7714827D21472008F2472 /* tabviewdemoUITestsLaunchTests.swift in Sources */,
				67E7714627D21472008F2472 /* tabviewdemoUITests.swift in Sources */,
			);
			runOnlyForDeploymentPostprocessing = 0;
		};
/* End PBXSourcesBuildPhase section */

/* Begin PBXTargetDependency section */
		67E7713927D21472008F2472 /* PBXTargetDependency */ = {
			isa = PBXTargetDependency;
			target = 67E7712027D21471008F2472 /* tabviewdemo */;
			targetProxy = 67E7713827D21472008F2472 /* PBXContainerItemProxy */;
		};
		67E7714327D21472008F2472 /* PBXTargetDependency */ = {
			isa = PBXTargetDependency;
			target = 67E7712027D21471008F2472 /* tabviewdemo */;
			targetProxy = 67E7714227D21472008F2472 /* PBXContainerItemProxy */;
		};
/* End PBXTargetDependency section */

/* Begin PBXVariantGroup section */
		67E7712A27D21471008F2472 /* Main.storyboard */ = {
			isa = PBXVariantGroup;
			children = (
				67E7712B27D21471008F2472 /* Base */,
			);
			name = Main.storyboard;
			sourceTree = "<group>";
		};
		67E7712F27D21472008F2472 /* LaunchScreen.storyboard */ = {
			isa = PBXVariantGroup;
			children = (
				67E7713027D21472008F2472 /* Base */,
			);
			name = LaunchScreen.storyboard;
			sourceTree = "<group>";
		};
/* End PBXVariantGroup section */

/* Begin XCBuildConfiguration section */
		67E7714927D21472008F2472 /* Debug */ = {
			isa = XCBuildConfiguration;
			buildSettings = {
				ALWAYS_SEARCH_USER_PATHS = NO;
				CLANG_ANALYZER_NONNULL = YES;
				CLANG_ANALYZER_NUMBER_OBJECT_CONVERSION = YES_AGGRESSIVE;
				CLANG_CXX_LANGUAGE_STANDARD = "gnu++17";
				CLANG_CXX_LIBRARY = "libc++";
				CLANG_ENABLE_MODULES = YES;
				CLANG_ENABLE_OBJC_ARC = YES;
				CLANG_ENABLE_OBJC_WEAK = YES;
				CLANG_WARN_BLOCK_CAPTURE_AUTORELEASING = YES;
				CLANG_WARN_BOOL_CONVERSION = YES;
				CLANG_WARN_COMMA = YES;
				CLANG_WARN_CONSTANT_CONVERSION = YES;
				CLANG_WARN_DEPRECATED_OBJC_IMPLEMENTATIONS = YES;
				CLANG_WARN_DIRECT_OBJC_ISA_USAGE = YES_ERROR;
				CLANG_WARN_DOCUMENTATION_COMMENTS = YES;
				CLANG_WARN_EMPTY_BODY = YES;
				CLANG_WARN_ENUM_CONVERSION = YES;
				CLANG_WARN_INFINITE_RECURSION = YES;
				CLANG_WARN_INT_CONVERSION = YES;
				CLANG_WARN_NON_LITERAL_NULL_CONVERSION = YES;
				CLANG_WARN_OBJC_IMPLICIT_RETAIN_SELF = YES;
				CLANG_WARN_OBJC_LITERAL_CONVERSION = YES;
				CLANG_WARN_OBJC_ROOT_CLASS = YES_ERROR;
				CLANG_WARN_QUOTED_INCLUDE_IN_FRAMEWORK_HEADER = YES;
				CLANG_WARN_RANGE_LOOP_ANALYSIS = YES;
				CLANG_WARN_STRICT_PROTOTYPES = YES;
				CLANG_WARN_SUSPICIOUS_MOVE = YES;
				CLANG_WARN_UNGUARDED_AVAILABILITY = YES_AGGRESSIVE;
				CLANG_WARN_UNREACHABLE_CODE = YES;
				CLANG_WARN__DUPLICATE_METHOD_MATCH = YES;
				COPY_PHASE_STRIP = NO;
				DEBUG_INFORMATION_FORMAT = dwarf;
				ENABLE_STRICT_OBJC_MSGSEND = YES;
				ENABLE_TESTABILITY = YES;
				GCC_C_LANGUAGE_STANDARD = gnu11;
				GCC_DYNAMIC_NO_PIC = NO;
				GCC_NO_COMMON_BLOCKS = YES;
				GCC_OPTIMIZATION_LEVEL = 0;
				GCC_PREPROCESSOR_DEFINITIONS = (
					"DEBUG=1",
					"$(inherited)",
				);
				GCC_WARN_64_TO_32_BIT_CONVERSION = YES;
				GCC_WARN_ABOUT_RETURN_TYPE = YES_ERROR;
				GCC_WARN_UNDECLARED_SELECTOR = YES;
				GCC_WARN_UNINITIALIZED_AUTOS = YES_AGGRESSIVE;
				GCC_WARN_UNUSED_FUNCTION = YES;
				GCC_WARN_UNUSED_VARIABLE = YES;
				IPHONEOS_DEPLOYMENT_TARGET = 15.2;
				MTL_ENABLE_DEBUG_INFO = INCLUDE_SOURCE;
				MTL_FAST_MATH = YES;
				ONLY_ACTIVE_ARCH = YES;
				SDKROOT = iphoneos;
				SWIFT_ACTIVE_COMPILATION_CONDITIONS = DEBUG;
				SWIFT_OPTIMIZATION_LEVEL = "-Onone";
			};
			name = Debug;
		};
		67E7714A27D21472008F2472 /* Release */ = {
			isa = XCBuildConfiguration;
			buildSettings = {
				ALWAYS_SEARCH_USER_PATHS = NO;
				CLANG_ANALYZER_NONNULL = YES;
				CLANG_ANALYZER_NUMBER_OBJECT_CONVERSION = YES_AGGRESSIVE;
				CLANG_CXX_LANGUAGE_STANDARD = "gnu++17";
				CLANG_CXX_LIBRARY = "libc++";
				CLANG_ENABLE_MODULES = YES;
				CLANG_ENABLE_OBJC_ARC = YES;
				CLANG_ENABLE_OBJC_WEAK = YES;
				CLANG_WARN_BLOCK_CAPTURE_AUTORELEASING = YES;
				CLANG_WARN_BOOL_CONVERSION = YES;
				CLANG_WARN_COMMA = YES;
				CLANG_WARN_CONSTANT_CONVERSION = YES;
				CLANG_WARN_DEPRECATED_OBJC_IMPLEMENTATIONS = YES;
				CLANG_WARN_DIRECT_OBJC_ISA_USAGE = YES_ERROR;
				CLANG_WARN_DOCUMENTATION_COMMENTS = YES;
				CLANG_WARN_EMPTY_BODY = YES;
				CLANG_WARN_ENUM_CONVERSION = YES;
				CLANG_WARN_INFINITE_RECURSION = YES;
				CLANG_WARN_INT_CONVERSION = YES;
				CLANG_WARN_NON_LITERAL_NULL_CONVERSION = YES;
				CLANG_WARN_OBJC_IMPLICIT_RETAIN_SELF = YES;
				CLANG_WARN_OBJC_LITERAL_CONVERSION = YES;
				CLANG_WARN_OBJC_ROOT_CLASS = YES_ERROR;
				CLANG_WARN_QUOTED_INCLUDE_IN_FRAMEWORK_HEADER = YES;
				CLANG_WARN_RANGE_LOOP_ANALYSIS = YES;
				CLANG_WARN_STRICT_PROTOTYPES = YES;
				CLANG_WARN_SUSPICIOUS_MOVE = YES;
				CLANG_WARN_UNGUARDED_AVAILABILITY = YES_AGGRESSIVE;
				CLANG_WARN_UNREACHABLE_CODE = YES;
				CLANG_WARN__DUPLICATE_METHOD_MATCH = YES;
				COPY_PHASE_STRIP = NO;
				DEBUG_INFORMATION_FORMAT = "dwarf-with-dsym";
				ENABLE_NS_ASSERTIONS = NO;
				ENABLE_STRICT_OBJC_MSGSEND = YES;
				GCC_C_LANGUAGE_STANDARD = gnu11;
				GCC_NO_COMMON_BLOCKS = YES;
				GCC_WARN_64_TO_32_BIT_CONVERSION = YES;
				GCC_WARN_ABOUT_RETURN_TYPE = YES_ERROR;
				GCC_WARN_UNDECLARED_SELECTOR = YES;
				GCC_WARN_UNINITIALIZED_AUTOS = YES_AGGRESSIVE;
				GCC_WARN_UNUSED_FUNCTION = YES;
				GCC_WARN_UNUSED_VARIABLE = YES;
				IPHONEOS_DEPLOYMENT_TARGET = 15.2;
				MTL_ENABLE_DEBUG_INFO = NO;
				MTL_FAST_MATH = YES;
				SDKROOT = iphoneos;
				SWIFT_COMPILATION_MODE = wholemodule;
				SWIFT_OPTIMIZATION_LEVEL = "-O";
				VALIDATE_PRODUCT = YES;
			};
			name = Release;
		};
		67E7714C27D21472008F2472 /* Debug */ = {
			isa = XCBuildConfiguration;
			buildSettings = {
				ASSETCATALOG_COMPILER_APPICON_NAME = AppIcon;
				ASSETCATALOG_COMPILER_GLOBAL_ACCENT_COLOR_NAME = AccentColor;
				CODE_SIGN_STYLE = Automatic;
				CURRENT_PROJECT_VERSION = 1;
				DEVELOPMENT_TEAM = GG3V29QX8K;
				GENERATE_INFOPLIST_FILE = YES;
				INFOPLIST_FILE = tabviewdemo/Info.plist;
				INFOPLIST_KEY_UIApplicationSupportsIndirectInputEvents = YES;
				INFOPLIST_KEY_UILaunchStoryboardName = LaunchScreen;
				INFOPLIST_KEY_UIMainStoryboardFile = Main;
				INFOPLIST_KEY_UISupportedInterfaceOrientations_iPad = "UIInterfaceOrientationPortrait UIInterfaceOrientationPortraitUpsideDown UIInterfaceOrientationLandscapeLeft UIInterfaceOrientationLandscapeRight";
				INFOPLIST_KEY_UISupportedInterfaceOrientations_iPhone = "UIInterfaceOrientationPortrait UIInterfaceOrientationLandscapeLeft UIInterfaceOrientationLandscapeRight";
				LD_RUNPATH_SEARCH_PATHS = (
					"$(inherited)",
					"@executable_path/Frameworks",
				);
				MARKETING_VERSION = 1.0;
				PRODUCT_BUNDLE_IDENTIFIER = shop.itbug.booktableview.tabviewdemo;
				PRODUCT_NAME = "$(TARGET_NAME)";
				SWIFT_EMIT_LOC_STRINGS = YES;
				SWIFT_VERSION = 5.0;
				TARGETED_DEVICE_FAMILY = 1;
			};
			name = Debug;
		};
		67E7714D27D21472008F2472 /* Release */ = {
			isa = XCBuildConfiguration;
			buildSettings = {
				ASSETCATALOG_COMPILER_APPICON_NAME = AppIcon;
				ASSETCATALOG_COMPILER_GLOBAL_ACCENT_COLOR_NAME = AccentColor;
				CODE_SIGN_STYLE = Automatic;
				CURRENT_PROJECT_VERSION = 1;
				DEVELOPMENT_TEAM = GG3V29QX8K;
				GENERATE_INFOPLIST_FILE = YES;
				INFOPLIST_FILE = tabviewdemo/Info.plist;
				INFOPLIST_KEY_UIApplicationSupportsIndirectInputEvents = YES;
				INFOPLIST_KEY_UILaunchStoryboardName = LaunchScreen;
				INFOPLIST_KEY_UIMainStoryboardFile = Main;
				INFOPLIST_KEY_UISupportedInterfaceOrientations_iPad = "UIInterfaceOrientationPortrait UIInterfaceOrientationPortraitUpsideDown UIInterfaceOrientationLandscapeLeft UIInterfaceOrientationLandscapeRight";
				INFOPLIST_KEY_UISupportedInterfaceOrientations_iPhone = "UIInterfaceOrientationPortrait UIInterfaceOrientationLandscapeLeft UIInterfaceOrientationLandscapeRight";
				LD_RUNPATH_SEARCH_PATHS = (
					"$(inherited)",
					"@executable_path/Frameworks",
				);
				MARKETING_VERSION = 1.0;
				PRODUCT_BUNDLE_IDENTIFIER = shop.itbug.booktableview.tabviewdemo;
				PRODUCT_NAME = "$(TARGET_NAME)";
				SWIFT_EMIT_LOC_STRINGS = YES;
				SWIFT_VERSION = 5.0;
				TARGETED_DEVICE_FAMILY = 1;
			};
			name = Release;
		};
		67E7714F27D21472008F2472 /* Debug */ = {
			isa = XCBuildConfiguration;
			buildSettings = {
				ALWAYS_EMBED_SWIFT_STANDARD_LIBRARIES = YES;
				BUNDLE_LOADER = "$(TEST_HOST)";
				CODE_SIGN_STYLE = Automatic;
				CURRENT_PROJECT_VERSION = 1;
				DEVELOPMENT_TEAM = GG3V29QX8K;
				GENERATE_INFOPLIST_FILE = YES;
				IPHONEOS_DEPLOYMENT_TARGET = 15.2;
				MARKETING_VERSION = 1.0;
				PRODUCT_BUNDLE_IDENTIFIER = shop.itbug.booktableview.tabviewdemoTests;
				PRODUCT_NAME = "$(TARGET_NAME)";
				SWIFT_EMIT_LOC_STRINGS = NO;
				SWIFT_VERSION = 5.0;
				TARGETED_DEVICE_FAMILY = "1,2";
				TEST_HOST = "$(BUILT_PRODUCTS_DIR)/tabviewdemo.app/tabviewdemo";
			};
			name = Debug;
		};
		67E7715027D21472008F2472 /* Release */ = {
			isa = XCBuildConfiguration;
			buildSettings = {
				ALWAYS_EMBED_SWIFT_STANDARD_LIBRARIES = YES;
				BUNDLE_LOADER = "$(TEST_HOST)";
				CODE_SIGN_STYLE = Automatic;
				CURRENT_PROJECT_VERSION = 1;
				DEVELOPMENT_TEAM = GG3V29QX8K;
				GENERATE_INFOPLIST_FILE = YES;
				IPHONEOS_DEPLOYMENT_TARGET = 15.2;
				MARKETING_VERSION = 1.0;
				PRODUCT_BUNDLE_IDENTIFIER = shop.itbug.booktableview.tabviewdemoTests;
				PRODUCT_NAME = "$(TARGET_NAME)";
				SWIFT_EMIT_LOC_STRINGS = NO;
				SWIFT_VERSION = 5.0;
				TARGETED_DEVICE_FAMILY = "1,2";
				TEST_HOST = "$(BUILT_PRODUCTS_DIR)/tabviewdemo.app/tabviewdemo";
			};
			name = Release;
		};
		67E7715227D21472008F2472 /* Debug */ = {
			isa = XCBuildConfiguration;
			buildSettings = {
				ALWAYS_EMBED_SWIFT_STANDARD_LIBRARIES = YES;
				CODE_SIGN_STYLE = Automatic;
				CURRENT_PROJECT_VERSION = 1;
				DEVELOPMENT_TEAM = GG3V29QX8K;
				GENERATE_INFOPLIST_FILE = YES;
				MARKETING_VERSION = 1.0;
				PRODUCT_BUNDLE_IDENTIFIER = shop.itbug.booktableview.tabviewdemoUITests;
				PRODUCT_NAME = "$(TARGET_NAME)";
				SWIFT_EMIT_LOC_STRINGS = NO;
				SWIFT_VERSION = 5.0;
				TARGETED_DEVICE_FAMILY = "1,2";
				TEST_TARGET_NAME = tabviewdemo;
			};
			name = Debug;
		};
		67E7715327D21472008F2472 /* Release */ = {
			isa = XCBuildConfiguration;
			buildSettings = {
				ALWAYS_EMBED_SWIFT_STANDARD_LIBRARIES = YES;
				CODE_SIGN_STYLE = Automatic;
				CURRENT_PROJECT_VERSION = 1;
				DEVELOPMENT_TEAM = GG3V29QX8K;
				GENERATE_INFOPLIST_FILE = YES;
				MARKETING_VERSION = 1.0;
				PRODUCT_BUNDLE_IDENTIFIER = shop.itbug.booktableview.tabviewdemoUITests;
				PRODUCT_NAME = "$(TARGET_NAME)";
				SWIFT_EMIT_LOC_STRINGS = NO;
				SWIFT_VERSION = 5.0;
				TARGETED_DEVICE_FAMILY = "1,2";
				TEST_TARGET_NAME = tabviewdemo;
			};
			name = Release;
		};
/* End XCBuildConfiguration section */

/* Begin XCConfigurationList section */
		67E7711C27D21471008F2472 /* Build configuration list for PBXProject "tabviewdemo" */ = {
			isa = XCConfigurationList;
			buildConfigurations = (
				67E7714927D21472008F2472 /* Debug */,
				67E7714A27D21472008F2472 /* Release */,
			);
			defaultConfigurationIsVisible = 0;
			defaultConfigurationName = Release;
		};
		67E7714B27D21472008F2472 /* Build configuration list for PBXNativeTarget "tabviewdemo" */ = {
			isa = XCConfigurationList;
			buildConfigurations = (
				67E7714C27D21472008F2472 /* Debug */,
				67E7714D27D21472008F2472 /* Release */,
			);
			defaultConfigurationIsVisible = 0;
			defaultConfigurationName = Release;
		};
		67E7714E27D21472008F2472 /* Build configuration list for PBXNativeTarget "tabviewdemoTests" */ = {
			isa = XCConfigurationList;
			buildConfigurations = (
				67E7714F27D21472008F2472 /* Debug */,
				67E7715027D21472008F2472 /* Release */,
			);
			defaultConfigurationIsVisible = 0;
			defaultConfigurationName = Release;
		};
		67E7715127D21472008F2472 /* Build configuration list for PBXNativeTarget "tabviewdemoUITests" */ = {
			isa = XCConfigurationList;
			buildConfigurations = (
				67E7715227D21472008F2472 /* Debug */,
				67E7715327D21472008F2472 /* Release */,
			);
			defaultConfigurationIsVisible = 0;
			defaultConfigurationName = Release;
		};
/* End XCConfigurationList section */
	};
	rootObject = 67E7711927D21471008F2472 /* Project object */;
}
